// !$*UTF8*$!
{
	archiveVersion = 1;
	classes = {
	};
	objectVersion = 46;
	objects = {

/* Begin PBXBuildFile section */
		34C6DFA51A8673CC00C193F6 /* Google.png in Resources */ = {isa = PBXBuildFile; fileRef = 34C6DFA41A8673CC00C193F6 /* Google.png */; };
		34C6DFD11A86CF0100C193F6 /* csmera.png in Resources */ = {isa = PBXBuildFile; fileRef = 34C6DFD01A86CF0100C193F6 /* csmera.png */; };
		34C6DFD31A86CF8400C193F6 /* gallery.png in Resources */ = {isa = PBXBuildFile; fileRef = 34C6DFD21A86CF8400C193F6 /* gallery.png */; };
		34C6DFDB1A86D63400C193F6 /* cab1.png in Resources */ = {isa = PBXBuildFile; fileRef = 34C6DFDA1A86D63400C193F6 /* cab1.png */; };
		34C6DFDD1A86D8A600C193F6 /* rupee.png in Resources */ = {isa = PBXBuildFile; fileRef = 34C6DFDC1A86D8A600C193F6 /* rupee.png */; };
		34C6DFE11A86F1D500C193F6 /* ProfileViewController.m in Sources */ = {isa = PBXBuildFile; fileRef = 34C6DFE01A86F1D500C193F6 /* ProfileViewController.m */; };
		34C6DFE41A86F49900C193F6 /* ProfileView.m in Sources */ = {isa = PBXBuildFile; fileRef = 34C6DFE31A86F49900C193F6 /* ProfileView.m */; };
		7D3295271A8631D200114B7D /* ModelBase.m in Sources */ = {isa = PBXBuildFile; fileRef = 7D3295261A8631D200114B7D /* ModelBase.m */; };
		7D32952A1A8632AE00114B7D /* LoginModel.m in Sources */ = {isa = PBXBuildFile; fileRef = 7D3295291A8632AE00114B7D /* LoginModel.m */; };
		7D32952D1A8632FF00114B7D /* BaseModel.m in Sources */ = {isa = PBXBuildFile; fileRef = 7D32952C1A8632FF00114B7D /* BaseModel.m */; };
		7D3295301A86335900114B7D /* AppConfig.m in Sources */ = {isa = PBXBuildFile; fileRef = 7D32952F1A86335900114B7D /* AppConfig.m */; };
		7D3295331A86340200114B7D /* AppData.m in Sources */ = {isa = PBXBuildFile; fileRef = 7D3295321A86340200114B7D /* AppData.m */; };
		7D3295361A8634CB00114B7D /* Error.m in Sources */ = {isa = PBXBuildFile; fileRef = 7D3295351A8634CB00114B7D /* Error.m */; };
		7D3295391A86351500114B7D /* Validator.m in Sources */ = {isa = PBXBuildFile; fileRef = 7D3295381A86351500114B7D /* Validator.m */; };
		7D3295431A863AF000114B7D /* SignUpViewController.m in Sources */ = {isa = PBXBuildFile; fileRef = 7D3295421A863AF000114B7D /* SignUpViewController.m */; };
		7D3295461A863B1600114B7D /* SignView.m in Sources */ = {isa = PBXBuildFile; fileRef = 7D3295451A863B1600114B7D /* SignView.m */; };
		7D52CAA01A8618DC00CD56AE /* GoogleMaps.bundle in Resources */ = {isa = PBXBuildFile; fileRef = 7D52CA781A8618DC00CD56AE /* GoogleMaps.bundle */; };
		7D52CAA21A8618DC00CD56AE /* DataParser.m in Sources */ = {isa = PBXBuildFile; fileRef = 7D52CA7D1A8618DC00CD56AE /* DataParser.m */; };
		7D52CAA31A8618DC00CD56AE /* ImageCache.m in Sources */ = {isa = PBXBuildFile; fileRef = 7D52CA801A8618DC00CD56AE /* ImageCache.m */; };
		7D52CAA41A8618DC00CD56AE /* AsynchronousImageDownloader.m in Sources */ = {isa = PBXBuildFile; fileRef = 7D52CA831A8618DC00CD56AE /* AsynchronousImageDownloader.m */; };
		7D52CAA51A8618DC00CD56AE /* ImageDownloader.m in Sources */ = {isa = PBXBuildFile; fileRef = 7D52CA851A8618DC00CD56AE /* ImageDownloader.m */; };
		7D52CAA61A8618DC00CD56AE /* LocationSorter.m in Sources */ = {isa = PBXBuildFile; fileRef = 7D52CA881A8618DC00CD56AE /* LocationSorter.m */; };
		7D52CAA71A8618DC00CD56AE /* MBProgressHUD.m in Sources */ = {isa = PBXBuildFile; fileRef = 7D52CA8B1A8618DC00CD56AE /* MBProgressHUD.m */; };
		7D52CAA81A8618DC00CD56AE /* ServerHandler.m in Sources */ = {isa = PBXBuildFile; fileRef = 7D52CA8E1A8618DC00CD56AE /* ServerHandler.m */; };
		7D52CAA91A8618DC00CD56AE /* BaseViewController.m in Sources */ = {isa = PBXBuildFile; fileRef = 7D52CA921A8618DC00CD56AE /* BaseViewController.m */; };
		7D52CAAA1A8618DC00CD56AE /* LinkedInLoginViewController.m in Sources */ = {isa = PBXBuildFile; fileRef = 7D52CA941A8618DC00CD56AE /* LinkedInLoginViewController.m */; };
		7D52CAB41A861A4A00CD56AE /* LoginViewController.m in Sources */ = {isa = PBXBuildFile; fileRef = 7D52CAB31A861A4A00CD56AE /* LoginViewController.m */; };
		7D52CAB71A861A6200CD56AE /* LoginView.m in Sources */ = {isa = PBXBuildFile; fileRef = 7D52CAB61A861A6200CD56AE /* LoginView.m */; };
		7D52CAB81A861DD200CD56AE /* GoogleMaps.framework in Frameworks */ = {isa = PBXBuildFile; fileRef = 7D52CA791A8618DC00CD56AE /* GoogleMaps.framework */; };
		7D52CABA1A861E0300CD56AE /* GLKit.framework in Frameworks */ = {isa = PBXBuildFile; fileRef = 7D52CAB91A861E0300CD56AE /* GLKit.framework */; };
		7D52CABC1A861E0A00CD56AE /* CoreText.framework in Frameworks */ = {isa = PBXBuildFile; fileRef = 7D52CABB1A861E0A00CD56AE /* CoreText.framework */; };
		7D52CABE1A861E1300CD56AE /* CoreData.framework in Frameworks */ = {isa = PBXBuildFile; fileRef = 7D52CABD1A861E1300CD56AE /* CoreData.framework */; };
		7D52CAC01A861E3400CD56AE /* SystemConfiguration.framework in Frameworks */ = {isa = PBXBuildFile; fileRef = 7D52CABF1A861E3400CD56AE /* SystemConfiguration.framework */; };
		7D52CAC21A861E3D00CD56AE /* QuartzCore.framework in Frameworks */ = {isa = PBXBuildFile; fileRef = 7D52CAC11A861E3D00CD56AE /* QuartzCore.framework */; };
		7D52CAC41A861E4400CD56AE /* ImageIO.framework in Frameworks */ = {isa = PBXBuildFile; fileRef = 7D52CAC31A861E4400CD56AE /* ImageIO.framework */; };
		7D52CAC61A861E4900CD56AE /* AVFoundation.framework in Frameworks */ = {isa = PBXBuildFile; fileRef = 7D52CAC51A861E4900CD56AE /* AVFoundation.framework */; };
		7D52CAC81A861E4F00CD56AE /* CoreLocation.framework in Frameworks */ = {isa = PBXBuildFile; fileRef = 7D52CAC71A861E4F00CD56AE /* CoreLocation.framework */; };
		7D52CACA1A861E6000CD56AE /* libc++.dylib in Frameworks */ = {isa = PBXBuildFile; fileRef = 7D52CAC91A861E6000CD56AE /* libc++.dylib */; };
		7D52CACC1A861E6F00CD56AE /* libicucore.dylib in Frameworks */ = {isa = PBXBuildFile; fileRef = 7D52CACB1A861E6F00CD56AE /* libicucore.dylib */; };
		7D52CACE1A861E7800CD56AE /* libz.dylib in Frameworks */ = {isa = PBXBuildFile; fileRef = 7D52CACD1A861E7800CD56AE /* libz.dylib */; };
		7D59FDBD1A86A239007C921D /* PickMyFriendViewController.m in Sources */ = {isa = PBXBuildFile; fileRef = 7D59FDBC1A86A239007C921D /* PickMyFriendViewController.m */; };
		7D59FDC01A86A253007C921D /* PickMyFriendView.m in Sources */ = {isa = PBXBuildFile; fileRef = 7D59FDBF1A86A253007C921D /* PickMyFriendView.m */; };
		7D59FDCF1A86E106007C921D /* UIButton+Button.m in Sources */ = {isa = PBXBuildFile; fileRef = 7D59FDC41A86E106007C921D /* UIButton+Button.m */; };
		7D59FDD01A86E106007C921D /* UIColor+BasicColors.m in Sources */ = {isa = PBXBuildFile; fileRef = 7D59FDC61A86E106007C921D /* UIColor+BasicColors.m */; };
		7D59FDD11A86E106007C921D /* UIImageView+ImageView.m in Sources */ = {isa = PBXBuildFile; fileRef = 7D59FDC81A86E106007C921D /* UIImageView+ImageView.m */; };
		7D59FDD21A86E106007C921D /* UILabel+AppathonLabel.m in Sources */ = {isa = PBXBuildFile; fileRef = 7D59FDCA1A86E106007C921D /* UILabel+AppathonLabel.m */; };
		7D59FDD31A86E106007C921D /* UILabel+Label.m in Sources */ = {isa = PBXBuildFile; fileRef = 7D59FDCC1A86E106007C921D /* UILabel+Label.m */; };
		7D59FDD41A86E106007C921D /* UITextField+TextField.m in Sources */ = {isa = PBXBuildFile; fileRef = 7D59FDCE1A86E106007C921D /* UITextField+TextField.m */; };
		7D59FDD71A86E1DA007C921D /* BaseHeaderViewController.m in Sources */ = {isa = PBXBuildFile; fileRef = 7D59FDD61A86E1DA007C921D /* BaseHeaderViewController.m */; };
		7D59FDDA1A86E228007C921D /* BaseView.m in Sources */ = {isa = PBXBuildFile; fileRef = 7D59FDD91A86E228007C921D /* BaseView.m */; };
		7D59FDDD1A86E291007C921D /* BaseHeaderView.m in Sources */ = {isa = PBXBuildFile; fileRef = 7D59FDDC1A86E291007C921D /* BaseHeaderView.m */; };
		7D59FDE31A86E2BE007C921D /* SelectedTripDetailsView.m in Sources */ = {isa = PBXBuildFile; fileRef = 7D59FDE01A86E2BE007C921D /* SelectedTripDetailsView.m */; };
		7D59FDE41A86E2BE007C921D /* SelectedTripDetailsViewController.m in Sources */ = {isa = PBXBuildFile; fileRef = 7D59FDE21A86E2BE007C921D /* SelectedTripDetailsViewController.m */; };
		7D59FDEE1A86E688007C921D /* SummaryView.m in Sources */ = {isa = PBXBuildFile; fileRef = 7D59FDE71A86E688007C921D /* SummaryView.m */; };
		7D59FDEF1A86E688007C921D /* SummaryViewCell.m in Sources */ = {isa = PBXBuildFile; fileRef = 7D59FDE91A86E688007C921D /* SummaryViewCell.m */; };
		7D59FDF01A86E688007C921D /* SummaryViewController.m in Sources */ = {isa = PBXBuildFile; fileRef = 7D59FDEB1A86E688007C921D /* SummaryViewController.m */; };
		7D59FDF11A86E688007C921D /* WidgetView.m in Sources */ = {isa = PBXBuildFile; fileRef = 7D59FDED1A86E688007C921D /* WidgetView.m */; };
		7D59FDF41A86E6C7007C921D /* LoginAndSignUpViewController.m in Sources */ = {isa = PBXBuildFile; fileRef = 7D59FDF31A86E6C7007C921D /* LoginAndSignUpViewController.m */; };
		7D59FE061A86E6F9007C921D /* login@2x.png in Resources */ = {isa = PBXBuildFile; fileRef = 7D59FDFA1A86E6F9007C921D /* login@2x.png */; };
		7D59FE101A8700F1007C921D /* nophoto@2x.png in Resources */ = {isa = PBXBuildFile; fileRef = 7D59FDFD1A86E6F9007C921D /* nophoto@2x.png */; };
		7D59FE111A8700FB007C921D /* Default@2x.png in Resources */ = {isa = PBXBuildFile; fileRef = 7D59FDFF1A86E6F9007C921D /* Default@2x.png */; };
		7D59FE121A870171007C921D /* call@2x.png in Resources */ = {isa = PBXBuildFile; fileRef = 7D59FDF61A86E6F9007C921D /* call@2x.png */; };
		7D59FE131A870171007C921D /* close@2x.png in Resources */ = {isa = PBXBuildFile; fileRef = 7D59FDF71A86E6F9007C921D /* close@2x.png */; };
		7D59FE141A870171007C921D /* csmera@2x.png in Resources */ = {isa = PBXBuildFile; fileRef = 7D59FDF81A86E6F9007C921D /* csmera@2x.png */; };
		7D59FE151A870171007C921D /* gallery@2x.png in Resources */ = {isa = PBXBuildFile; fileRef = 7D59FDF91A86E6F9007C921D /* gallery@2x.png */; };
		7D59FE161A870171007C921D /* menu@2x.png in Resources */ = {isa = PBXBuildFile; fileRef = 7D59FDFB1A86E6F9007C921D /* menu@2x.png */; };
		7D59FE171A870171007C921D /* noyification side box@2x.png in Resources */ = {isa = PBXBuildFile; fileRef = 7D59FDFC1A86E6F9007C921D /* noyification side box@2x.png */; };
		7D59FE181A870171007C921D /* signup@2x.png in Resources */ = {isa = PBXBuildFile; fileRef = 7D59FDFE1A86E6F9007C921D /* signup@2x.png */; };
		7D59FE191A870171007C921D /* transpernt list@2x.png in Resources */ = {isa = PBXBuildFile; fileRef = 7D59FE011A86E6F9007C921D /* transpernt list@2x.png */; };
		7D90EF201A865DFB00AF79F9 /* Encryptor.m in Sources */ = {isa = PBXBuildFile; fileRef = 7D90EF1F1A865DFB00AF79F9 /* Encryptor.m */; };
		7D90EF231A86816C00AF79F9 /* SignUpModel.m in Sources */ = {isa = PBXBuildFile; fileRef = 7D90EF221A86816C00AF79F9 /* SignUpModel.m */; };
		CB665B551A8649DC0032DA11 /* SocialShare.m in Sources */ = {isa = PBXBuildFile; fileRef = CB665B521A8649DC0032DA11 /* SocialShare.m */; };
		CB665B561A8649DC0032DA11 /* SocialSharingViewController.m in Sources */ = {isa = PBXBuildFile; fileRef = CB665B541A8649DC0032DA11 /* SocialSharingViewController.m */; };
		CB665B5F1A864A500032DA11 /* HomeView.m in Sources */ = {isa = PBXBuildFile; fileRef = CB665B591A864A500032DA11 /* HomeView.m */; };
		CB665B601A864A500032DA11 /* HomeViewController.m in Sources */ = {isa = PBXBuildFile; fileRef = CB665B5B1A864A500032DA11 /* HomeViewController.m */; };
		CB665B611A864A500032DA11 /* GoogleMapView.m in Sources */ = {isa = PBXBuildFile; fileRef = CB665B5E1A864A500032DA11 /* GoogleMapView.m */; };
		CB665B641A864FC00032DA11 /* Social.framework in Frameworks */ = {isa = PBXBuildFile; fileRef = CB665B621A864F840032DA11 /* Social.framework */; };
		CB665B681A865B300032DA11 /* InitialViewController.m in Sources */ = {isa = PBXBuildFile; fileRef = CB665B671A865B300032DA11 /* InitialViewController.m */; };
		CB665B6B1A865BCF0032DA11 /* InitialView.m in Sources */ = {isa = PBXBuildFile; fileRef = CB665B6A1A865BCF0032DA11 /* InitialView.m */; };
		FC3AEB241A837C6400EA6B03 /* main.m in Sources */ = {isa = PBXBuildFile; fileRef = FC3AEB231A837C6400EA6B03 /* main.m */; };
		FC3AEB271A837C6400EA6B03 /* AppDelegate.m in Sources */ = {isa = PBXBuildFile; fileRef = FC3AEB261A837C6400EA6B03 /* AppDelegate.m */; };
		FC3AEB2D1A837C6400EA6B03 /* Main.storyboard in Resources */ = {isa = PBXBuildFile; fileRef = FC3AEB2B1A837C6400EA6B03 /* Main.storyboard */; };
		FC3AEB2F1A837C6400EA6B03 /* Images.xcassets in Resources */ = {isa = PBXBuildFile; fileRef = FC3AEB2E1A837C6400EA6B03 /* Images.xcassets */; };
		FC3AEB3E1A837C6600EA6B03 /* AppathonTemplateTests.m in Sources */ = {isa = PBXBuildFile; fileRef = FC3AEB3D1A837C6600EA6B03 /* AppathonTemplateTests.m */; };
/* End PBXBuildFile section */

/* Begin PBXContainerItemProxy section */
		FC3AEB381A837C6600EA6B03 /* PBXContainerItemProxy */ = {
			isa = PBXContainerItemProxy;
			containerPortal = FC3AEB161A837C6200EA6B03 /* Project object */;
			proxyType = 1;
			remoteGlobalIDString = FC3AEB1D1A837C6300EA6B03;
			remoteInfo = AppathonTemplate;
		};
/* End PBXContainerItemProxy section */

/* Begin PBXFileReference section */
		34C6DF931A866D7E00C193F6 /* libsqlite3.dylib */ = {isa = PBXFileReference; lastKnownFileType = "compiled.mach-o.dylib"; name = libsqlite3.dylib; path = usr/lib/libsqlite3.dylib; sourceTree = SDKROOT; };
		34C6DFA41A8673CC00C193F6 /* Google.png */ = {isa = PBXFileReference; lastKnownFileType = image.png; path = Google.png; sourceTree = "<group>"; };
		34C6DFD01A86CF0100C193F6 /* csmera.png */ = {isa = PBXFileReference; lastKnownFileType = image.png; path = csmera.png; sourceTree = "<group>"; };
		34C6DFD21A86CF8400C193F6 /* gallery.png */ = {isa = PBXFileReference; lastKnownFileType = image.png; path = gallery.png; sourceTree = "<group>"; };
		34C6DFDA1A86D63400C193F6 /* cab1.png */ = {isa = PBXFileReference; lastKnownFileType = image.png; path = cab1.png; sourceTree = "<group>"; };
		34C6DFDC1A86D8A600C193F6 /* rupee.png */ = {isa = PBXFileReference; lastKnownFileType = image.png; path = rupee.png; sourceTree = "<group>"; };
		34C6DFDF1A86F1D500C193F6 /* ProfileViewController.h */ = {isa = PBXFileReference; fileEncoding = 4; lastKnownFileType = sourcecode.c.h; path = ProfileViewController.h; sourceTree = "<group>"; };
		34C6DFE01A86F1D500C193F6 /* ProfileViewController.m */ = {isa = PBXFileReference; fileEncoding = 4; lastKnownFileType = sourcecode.c.objc; path = ProfileViewController.m; sourceTree = "<group>"; };
		34C6DFE21A86F49900C193F6 /* ProfileView.h */ = {isa = PBXFileReference; fileEncoding = 4; lastKnownFileType = sourcecode.c.h; path = ProfileView.h; sourceTree = "<group>"; };
		34C6DFE31A86F49900C193F6 /* ProfileView.m */ = {isa = PBXFileReference; fileEncoding = 4; lastKnownFileType = sourcecode.c.objc; path = ProfileView.m; sourceTree = "<group>"; };
		7D3295241A8631D200114B7D /* JSONModelBaseProtocol.h */ = {isa = PBXFileReference; fileEncoding = 4; lastKnownFileType = sourcecode.c.h; path = JSONModelBaseProtocol.h; sourceTree = "<group>"; };
		7D3295251A8631D200114B7D /* ModelBase.h */ = {isa = PBXFileReference; fileEncoding = 4; lastKnownFileType = sourcecode.c.h; path = ModelBase.h; sourceTree = "<group>"; };
		7D3295261A8631D200114B7D /* ModelBase.m */ = {isa = PBXFileReference; fileEncoding = 4; lastKnownFileType = sourcecode.c.objc; path = ModelBase.m; sourceTree = "<group>"; };
		7D3295281A8632AE00114B7D /* LoginModel.h */ = {isa = PBXFileReference; fileEncoding = 4; lastKnownFileType = sourcecode.c.h; path = LoginModel.h; sourceTree = "<group>"; };
		7D3295291A8632AE00114B7D /* LoginModel.m */ = {isa = PBXFileReference; fileEncoding = 4; lastKnownFileType = sourcecode.c.objc; path = LoginModel.m; sourceTree = "<group>"; };
		7D32952B1A8632FF00114B7D /* BaseModel.h */ = {isa = PBXFileReference; fileEncoding = 4; lastKnownFileType = sourcecode.c.h; path = BaseModel.h; sourceTree = "<group>"; };
		7D32952C1A8632FF00114B7D /* BaseModel.m */ = {isa = PBXFileReference; fileEncoding = 4; lastKnownFileType = sourcecode.c.objc; path = BaseModel.m; sourceTree = "<group>"; };
		7D32952E1A86335900114B7D /* AppConfig.h */ = {isa = PBXFileReference; fileEncoding = 4; lastKnownFileType = sourcecode.c.h; path = AppConfig.h; sourceTree = "<group>"; };
		7D32952F1A86335900114B7D /* AppConfig.m */ = {isa = PBXFileReference; fileEncoding = 4; lastKnownFileType = sourcecode.c.objc; path = AppConfig.m; sourceTree = "<group>"; };
		7D3295311A86340200114B7D /* AppData.h */ = {isa = PBXFileReference; fileEncoding = 4; lastKnownFileType = sourcecode.c.h; path = AppData.h; sourceTree = "<group>"; };
		7D3295321A86340200114B7D /* AppData.m */ = {isa = PBXFileReference; fileEncoding = 4; lastKnownFileType = sourcecode.c.objc; path = AppData.m; sourceTree = "<group>"; };
		7D3295341A8634CB00114B7D /* Error.h */ = {isa = PBXFileReference; fileEncoding = 4; lastKnownFileType = sourcecode.c.h; path = Error.h; sourceTree = "<group>"; };
		7D3295351A8634CB00114B7D /* Error.m */ = {isa = PBXFileReference; fileEncoding = 4; lastKnownFileType = sourcecode.c.objc; path = Error.m; sourceTree = "<group>"; };
		7D3295371A86351500114B7D /* Validator.h */ = {isa = PBXFileReference; fileEncoding = 4; lastKnownFileType = sourcecode.c.h; path = Validator.h; sourceTree = "<group>"; };
		7D3295381A86351500114B7D /* Validator.m */ = {isa = PBXFileReference; fileEncoding = 4; lastKnownFileType = sourcecode.c.objc; path = Validator.m; sourceTree = "<group>"; };
		7D3295401A8638F000114B7D /* OLAAppathon-PrefixHeader.pch */ = {isa = PBXFileReference; lastKnownFileType = sourcecode.c.h; path = "OLAAppathon-PrefixHeader.pch"; sourceTree = "<group>"; };
		7D3295411A863AF000114B7D /* SignUpViewController.h */ = {isa = PBXFileReference; fileEncoding = 4; lastKnownFileType = sourcecode.c.h; path = SignUpViewController.h; sourceTree = "<group>"; };
		7D3295421A863AF000114B7D /* SignUpViewController.m */ = {isa = PBXFileReference; fileEncoding = 4; lastKnownFileType = sourcecode.c.objc; path = SignUpViewController.m; sourceTree = "<group>"; };
		7D3295441A863B1600114B7D /* SignView.h */ = {isa = PBXFileReference; fileEncoding = 4; lastKnownFileType = sourcecode.c.h; path = SignView.h; sourceTree = "<group>"; };
		7D3295451A863B1600114B7D /* SignView.m */ = {isa = PBXFileReference; fileEncoding = 4; lastKnownFileType = sourcecode.c.objc; path = SignView.m; sourceTree = "<group>"; };
		7D52CA781A8618DC00CD56AE /* GoogleMaps.bundle */ = {isa = PBXFileReference; lastKnownFileType = "wrapper.plug-in"; path = GoogleMaps.bundle; sourceTree = "<group>"; };
		7D52CA791A8618DC00CD56AE /* GoogleMaps.framework */ = {isa = PBXFileReference; lastKnownFileType = wrapper.framework; path = GoogleMaps.framework; sourceTree = "<group>"; };
		7D52CA7C1A8618DC00CD56AE /* DataParser.h */ = {isa = PBXFileReference; fileEncoding = 4; lastKnownFileType = sourcecode.c.h; path = DataParser.h; sourceTree = "<group>"; };
		7D52CA7D1A8618DC00CD56AE /* DataParser.m */ = {isa = PBXFileReference; fileEncoding = 4; lastKnownFileType = sourcecode.c.objc; path = DataParser.m; sourceTree = "<group>"; };
		7D52CA7F1A8618DC00CD56AE /* ImageCache.h */ = {isa = PBXFileReference; fileEncoding = 4; lastKnownFileType = sourcecode.c.h; path = ImageCache.h; sourceTree = "<group>"; };
		7D52CA801A8618DC00CD56AE /* ImageCache.m */ = {isa = PBXFileReference; fileEncoding = 4; lastKnownFileType = sourcecode.c.objc; path = ImageCache.m; sourceTree = "<group>"; };
		7D52CA821A8618DC00CD56AE /* AsynchronousImageDownloader.h */ = {isa = PBXFileReference; fileEncoding = 4; lastKnownFileType = sourcecode.c.h; path = AsynchronousImageDownloader.h; sourceTree = "<group>"; };
		7D52CA831A8618DC00CD56AE /* AsynchronousImageDownloader.m */ = {isa = PBXFileReference; fileEncoding = 4; lastKnownFileType = sourcecode.c.objc; path = AsynchronousImageDownloader.m; sourceTree = "<group>"; };
		7D52CA841A8618DC00CD56AE /* ImageDownloader.h */ = {isa = PBXFileReference; fileEncoding = 4; lastKnownFileType = sourcecode.c.h; path = ImageDownloader.h; sourceTree = "<group>"; };
		7D52CA851A8618DC00CD56AE /* ImageDownloader.m */ = {isa = PBXFileReference; fileEncoding = 4; lastKnownFileType = sourcecode.c.objc; path = ImageDownloader.m; sourceTree = "<group>"; };
		7D52CA871A8618DC00CD56AE /* LocationSorter.h */ = {isa = PBXFileReference; fileEncoding = 4; lastKnownFileType = sourcecode.c.h; path = LocationSorter.h; sourceTree = "<group>"; };
		7D52CA881A8618DC00CD56AE /* LocationSorter.m */ = {isa = PBXFileReference; fileEncoding = 4; lastKnownFileType = sourcecode.c.objc; path = LocationSorter.m; sourceTree = "<group>"; };
		7D52CA8A1A8618DC00CD56AE /* MBProgressHUD.h */ = {isa = PBXFileReference; fileEncoding = 4; lastKnownFileType = sourcecode.c.h; path = MBProgressHUD.h; sourceTree = "<group>"; };
		7D52CA8B1A8618DC00CD56AE /* MBProgressHUD.m */ = {isa = PBXFileReference; fileEncoding = 4; lastKnownFileType = sourcecode.c.objc; path = MBProgressHUD.m; sourceTree = "<group>"; };
		7D52CA8D1A8618DC00CD56AE /* ServerHandler.h */ = {isa = PBXFileReference; fileEncoding = 4; lastKnownFileType = sourcecode.c.h; path = ServerHandler.h; sourceTree = "<group>"; };
		7D52CA8E1A8618DC00CD56AE /* ServerHandler.m */ = {isa = PBXFileReference; fileEncoding = 4; lastKnownFileType = sourcecode.c.objc; path = ServerHandler.m; sourceTree = "<group>"; };
		7D52CA911A8618DC00CD56AE /* BaseViewController.h */ = {isa = PBXFileReference; fileEncoding = 4; lastKnownFileType = sourcecode.c.h; path = BaseViewController.h; sourceTree = "<group>"; };
		7D52CA921A8618DC00CD56AE /* BaseViewController.m */ = {isa = PBXFileReference; fileEncoding = 4; lastKnownFileType = sourcecode.c.objc; path = BaseViewController.m; sourceTree = "<group>"; };
		7D52CA931A8618DC00CD56AE /* LinkedInLoginViewController.h */ = {isa = PBXFileReference; fileEncoding = 4; lastKnownFileType = sourcecode.c.h; path = LinkedInLoginViewController.h; sourceTree = "<group>"; };
		7D52CA941A8618DC00CD56AE /* LinkedInLoginViewController.m */ = {isa = PBXFileReference; fileEncoding = 4; lastKnownFileType = sourcecode.c.objc; path = LinkedInLoginViewController.m; sourceTree = "<group>"; };
		7D52CA951A8618DC00CD56AE /* RestaurentDetailsViewController.h */ = {isa = PBXFileReference; fileEncoding = 4; lastKnownFileType = sourcecode.c.h; path = RestaurentDetailsViewController.h; sourceTree = "<group>"; };
		7D52CA961A8618DC00CD56AE /* RestaurentDetailsViewController.m */ = {isa = PBXFileReference; fileEncoding = 4; lastKnownFileType = sourcecode.c.objc; path = RestaurentDetailsViewController.m; sourceTree = "<group>"; };
		7D52CAB21A861A4A00CD56AE /* LoginViewController.h */ = {isa = PBXFileReference; fileEncoding = 4; lastKnownFileType = sourcecode.c.h; path = LoginViewController.h; sourceTree = "<group>"; };
		7D52CAB31A861A4A00CD56AE /* LoginViewController.m */ = {isa = PBXFileReference; fileEncoding = 4; lastKnownFileType = sourcecode.c.objc; path = LoginViewController.m; sourceTree = "<group>"; };
		7D52CAB51A861A6200CD56AE /* LoginView.h */ = {isa = PBXFileReference; fileEncoding = 4; lastKnownFileType = sourcecode.c.h; path = LoginView.h; sourceTree = "<group>"; };
		7D52CAB61A861A6200CD56AE /* LoginView.m */ = {isa = PBXFileReference; fileEncoding = 4; lastKnownFileType = sourcecode.c.objc; path = LoginView.m; sourceTree = "<group>"; };
		7D52CAB91A861E0300CD56AE /* GLKit.framework */ = {isa = PBXFileReference; lastKnownFileType = wrapper.framework; name = GLKit.framework; path = System/Library/Frameworks/GLKit.framework; sourceTree = SDKROOT; };
		7D52CABB1A861E0A00CD56AE /* CoreText.framework */ = {isa = PBXFileReference; lastKnownFileType = wrapper.framework; name = CoreText.framework; path = System/Library/Frameworks/CoreText.framework; sourceTree = SDKROOT; };
		7D52CABD1A861E1300CD56AE /* CoreData.framework */ = {isa = PBXFileReference; lastKnownFileType = wrapper.framework; name = CoreData.framework; path = System/Library/Frameworks/CoreData.framework; sourceTree = SDKROOT; };
		7D52CABF1A861E3400CD56AE /* SystemConfiguration.framework */ = {isa = PBXFileReference; lastKnownFileType = wrapper.framework; name = SystemConfiguration.framework; path = System/Library/Frameworks/SystemConfiguration.framework; sourceTree = SDKROOT; };
		7D52CAC11A861E3D00CD56AE /* QuartzCore.framework */ = {isa = PBXFileReference; lastKnownFileType = wrapper.framework; name = QuartzCore.framework; path = System/Library/Frameworks/QuartzCore.framework; sourceTree = SDKROOT; };
		7D52CAC31A861E4400CD56AE /* ImageIO.framework */ = {isa = PBXFileReference; lastKnownFileType = wrapper.framework; name = ImageIO.framework; path = System/Library/Frameworks/ImageIO.framework; sourceTree = SDKROOT; };
		7D52CAC51A861E4900CD56AE /* AVFoundation.framework */ = {isa = PBXFileReference; lastKnownFileType = wrapper.framework; name = AVFoundation.framework; path = System/Library/Frameworks/AVFoundation.framework; sourceTree = SDKROOT; };
		7D52CAC71A861E4F00CD56AE /* CoreLocation.framework */ = {isa = PBXFileReference; lastKnownFileType = wrapper.framework; name = CoreLocation.framework; path = System/Library/Frameworks/CoreLocation.framework; sourceTree = SDKROOT; };
		7D52CAC91A861E6000CD56AE /* libc++.dylib */ = {isa = PBXFileReference; lastKnownFileType = "compiled.mach-o.dylib"; name = "libc++.dylib"; path = "usr/lib/libc++.dylib"; sourceTree = SDKROOT; };
		7D52CACB1A861E6F00CD56AE /* libicucore.dylib */ = {isa = PBXFileReference; lastKnownFileType = "compiled.mach-o.dylib"; name = libicucore.dylib; path = usr/lib/libicucore.dylib; sourceTree = SDKROOT; };
		7D52CACD1A861E7800CD56AE /* libz.dylib */ = {isa = PBXFileReference; lastKnownFileType = "compiled.mach-o.dylib"; name = libz.dylib; path = usr/lib/libz.dylib; sourceTree = SDKROOT; };
		7D59FDBB1A86A239007C921D /* PickMyFriendViewController.h */ = {isa = PBXFileReference; fileEncoding = 4; lastKnownFileType = sourcecode.c.h; path = PickMyFriendViewController.h; sourceTree = "<group>"; };
		7D59FDBC1A86A239007C921D /* PickMyFriendViewController.m */ = {isa = PBXFileReference; fileEncoding = 4; lastKnownFileType = sourcecode.c.objc; path = PickMyFriendViewController.m; sourceTree = "<group>"; };
		7D59FDBE1A86A253007C921D /* PickMyFriendView.h */ = {isa = PBXFileReference; fileEncoding = 4; lastKnownFileType = sourcecode.c.h; path = PickMyFriendView.h; sourceTree = "<group>"; };
		7D59FDBF1A86A253007C921D /* PickMyFriendView.m */ = {isa = PBXFileReference; fileEncoding = 4; lastKnownFileType = sourcecode.c.objc; path = PickMyFriendView.m; sourceTree = "<group>"; };
		7D59FDC11A86B0F2007C921D /* Macros.h */ = {isa = PBXFileReference; lastKnownFileType = sourcecode.c.h; path = Macros.h; sourceTree = "<group>"; };
		7D59FDC31A86E106007C921D /* UIButton+Button.h */ = {isa = PBXFileReference; fileEncoding = 4; lastKnownFileType = sourcecode.c.h; path = "UIButton+Button.h"; sourceTree = "<group>"; };
		7D59FDC41A86E106007C921D /* UIButton+Button.m */ = {isa = PBXFileReference; fileEncoding = 4; lastKnownFileType = sourcecode.c.objc; path = "UIButton+Button.m"; sourceTree = "<group>"; };
		7D59FDC51A86E106007C921D /* UIColor+BasicColors.h */ = {isa = PBXFileReference; fileEncoding = 4; lastKnownFileType = sourcecode.c.h; path = "UIColor+BasicColors.h"; sourceTree = "<group>"; };
		7D59FDC61A86E106007C921D /* UIColor+BasicColors.m */ = {isa = PBXFileReference; fileEncoding = 4; lastKnownFileType = sourcecode.c.objc; path = "UIColor+BasicColors.m"; sourceTree = "<group>"; };
		7D59FDC71A86E106007C921D /* UIImageView+ImageView.h */ = {isa = PBXFileReference; fileEncoding = 4; lastKnownFileType = sourcecode.c.h; path = "UIImageView+ImageView.h"; sourceTree = "<group>"; };
		7D59FDC81A86E106007C921D /* UIImageView+ImageView.m */ = {isa = PBXFileReference; fileEncoding = 4; lastKnownFileType = sourcecode.c.objc; path = "UIImageView+ImageView.m"; sourceTree = "<group>"; };
		7D59FDC91A86E106007C921D /* UILabel+AppathonLabel.h */ = {isa = PBXFileReference; fileEncoding = 4; lastKnownFileType = sourcecode.c.h; path = "UILabel+AppathonLabel.h"; sourceTree = "<group>"; };
		7D59FDCA1A86E106007C921D /* UILabel+AppathonLabel.m */ = {isa = PBXFileReference; fileEncoding = 4; lastKnownFileType = sourcecode.c.objc; path = "UILabel+AppathonLabel.m"; sourceTree = "<group>"; };
		7D59FDCB1A86E106007C921D /* UILabel+Label.h */ = {isa = PBXFileReference; fileEncoding = 4; lastKnownFileType = sourcecode.c.h; path = "UILabel+Label.h"; sourceTree = "<group>"; };
		7D59FDCC1A86E106007C921D /* UILabel+Label.m */ = {isa = PBXFileReference; fileEncoding = 4; lastKnownFileType = sourcecode.c.objc; path = "UILabel+Label.m"; sourceTree = "<group>"; };
		7D59FDCD1A86E106007C921D /* UITextField+TextField.h */ = {isa = PBXFileReference; fileEncoding = 4; lastKnownFileType = sourcecode.c.h; path = "UITextField+TextField.h"; sourceTree = "<group>"; };
		7D59FDCE1A86E106007C921D /* UITextField+TextField.m */ = {isa = PBXFileReference; fileEncoding = 4; lastKnownFileType = sourcecode.c.objc; path = "UITextField+TextField.m"; sourceTree = "<group>"; };
		7D59FDD51A86E1DA007C921D /* BaseHeaderViewController.h */ = {isa = PBXFileReference; fileEncoding = 4; lastKnownFileType = sourcecode.c.h; path = BaseHeaderViewController.h; sourceTree = "<group>"; };
		7D59FDD61A86E1DA007C921D /* BaseHeaderViewController.m */ = {isa = PBXFileReference; fileEncoding = 4; lastKnownFileType = sourcecode.c.objc; path = BaseHeaderViewController.m; sourceTree = "<group>"; };
		7D59FDD81A86E228007C921D /* BaseView.h */ = {isa = PBXFileReference; fileEncoding = 4; lastKnownFileType = sourcecode.c.h; path = BaseView.h; sourceTree = "<group>"; };
		7D59FDD91A86E228007C921D /* BaseView.m */ = {isa = PBXFileReference; fileEncoding = 4; lastKnownFileType = sourcecode.c.objc; path = BaseView.m; sourceTree = "<group>"; };
		7D59FDDB1A86E291007C921D /* BaseHeaderView.h */ = {isa = PBXFileReference; fileEncoding = 4; lastKnownFileType = sourcecode.c.h; path = BaseHeaderView.h; sourceTree = "<group>"; };
		7D59FDDC1A86E291007C921D /* BaseHeaderView.m */ = {isa = PBXFileReference; fileEncoding = 4; lastKnownFileType = sourcecode.c.objc; path = BaseHeaderView.m; sourceTree = "<group>"; };
		7D59FDDF1A86E2BE007C921D /* SelectedTripDetailsView.h */ = {isa = PBXFileReference; fileEncoding = 4; lastKnownFileType = sourcecode.c.h; path = SelectedTripDetailsView.h; sourceTree = "<group>"; };
		7D59FDE01A86E2BE007C921D /* SelectedTripDetailsView.m */ = {isa = PBXFileReference; fileEncoding = 4; lastKnownFileType = sourcecode.c.objc; path = SelectedTripDetailsView.m; sourceTree = "<group>"; };
		7D59FDE11A86E2BE007C921D /* SelectedTripDetailsViewController.h */ = {isa = PBXFileReference; fileEncoding = 4; lastKnownFileType = sourcecode.c.h; path = SelectedTripDetailsViewController.h; sourceTree = "<group>"; };
		7D59FDE21A86E2BE007C921D /* SelectedTripDetailsViewController.m */ = {isa = PBXFileReference; fileEncoding = 4; lastKnownFileType = sourcecode.c.objc; path = SelectedTripDetailsViewController.m; sourceTree = "<group>"; };
		7D59FDE61A86E688007C921D /* SummaryView.h */ = {isa = PBXFileReference; fileEncoding = 4; lastKnownFileType = sourcecode.c.h; path = SummaryView.h; sourceTree = "<group>"; };
		7D59FDE71A86E688007C921D /* SummaryView.m */ = {isa = PBXFileReference; fileEncoding = 4; lastKnownFileType = sourcecode.c.objc; path = SummaryView.m; sourceTree = "<group>"; };
		7D59FDE81A86E688007C921D /* SummaryViewCell.h */ = {isa = PBXFileReference; fileEncoding = 4; lastKnownFileType = sourcecode.c.h; path = SummaryViewCell.h; sourceTree = "<group>"; };
		7D59FDE91A86E688007C921D /* SummaryViewCell.m */ = {isa = PBXFileReference; fileEncoding = 4; lastKnownFileType = sourcecode.c.objc; path = SummaryViewCell.m; sourceTree = "<group>"; };
		7D59FDEA1A86E688007C921D /* SummaryViewController.h */ = {isa = PBXFileReference; fileEncoding = 4; lastKnownFileType = sourcecode.c.h; path = SummaryViewController.h; sourceTree = "<group>"; };
		7D59FDEB1A86E688007C921D /* SummaryViewController.m */ = {isa = PBXFileReference; fileEncoding = 4; lastKnownFileType = sourcecode.c.objc; path = SummaryViewController.m; sourceTree = "<group>"; };
		7D59FDEC1A86E688007C921D /* WidgetView.h */ = {isa = PBXFileReference; fileEncoding = 4; lastKnownFileType = sourcecode.c.h; path = WidgetView.h; sourceTree = "<group>"; };
		7D59FDED1A86E688007C921D /* WidgetView.m */ = {isa = PBXFileReference; fileEncoding = 4; lastKnownFileType = sourcecode.c.objc; path = WidgetView.m; sourceTree = "<group>"; };
		7D59FDF21A86E6C7007C921D /* LoginAndSignUpViewController.h */ = {isa = PBXFileReference; fileEncoding = 4; lastKnownFileType = sourcecode.c.h; path = LoginAndSignUpViewController.h; sourceTree = "<group>"; };
		7D59FDF31A86E6C7007C921D /* LoginAndSignUpViewController.m */ = {isa = PBXFileReference; fileEncoding = 4; lastKnownFileType = sourcecode.c.objc; path = LoginAndSignUpViewController.m; sourceTree = "<group>"; };
		7D59FDF61A86E6F9007C921D /* call@2x.png */ = {isa = PBXFileReference; lastKnownFileType = image.png; path = "call@2x.png"; sourceTree = "<group>"; };
		7D59FDF71A86E6F9007C921D /* close@2x.png */ = {isa = PBXFileReference; lastKnownFileType = image.png; path = "close@2x.png"; sourceTree = "<group>"; };
		7D59FDF81A86E6F9007C921D /* csmera@2x.png */ = {isa = PBXFileReference; lastKnownFileType = image.png; path = "csmera@2x.png"; sourceTree = "<group>"; };
		7D59FDF91A86E6F9007C921D /* gallery@2x.png */ = {isa = PBXFileReference; lastKnownFileType = image.png; path = "gallery@2x.png"; sourceTree = "<group>"; };
		7D59FDFA1A86E6F9007C921D /* login@2x.png */ = {isa = PBXFileReference; lastKnownFileType = image.png; path = "login@2x.png"; sourceTree = "<group>"; };
		7D59FDFB1A86E6F9007C921D /* menu@2x.png */ = {isa = PBXFileReference; lastKnownFileType = image.png; path = "menu@2x.png"; sourceTree = "<group>"; };
		7D59FDFC1A86E6F9007C921D /* noyification side box@2x.png */ = {isa = PBXFileReference; lastKnownFileType = image.png; path = "noyification side box@2x.png"; sourceTree = "<group>"; };
		7D59FDFD1A86E6F9007C921D /* nophoto@2x.png */ = {isa = PBXFileReference; lastKnownFileType = image.png; path = "nophoto@2x.png"; sourceTree = "<group>"; };
		7D59FDFE1A86E6F9007C921D /* signup@2x.png */ = {isa = PBXFileReference; lastKnownFileType = image.png; path = "signup@2x.png"; sourceTree = "<group>"; };
		7D59FDFF1A86E6F9007C921D /* Default@2x.png */ = {isa = PBXFileReference; lastKnownFileType = image.png; path = "Default@2x.png"; sourceTree = "<group>"; };
		7D59FE011A86E6F9007C921D /* transpernt list@2x.png */ = {isa = PBXFileReference; lastKnownFileType = image.png; path = "transpernt list@2x.png"; sourceTree = "<group>"; };
		7D90EF1E1A865DFB00AF79F9 /* Encryptor.h */ = {isa = PBXFileReference; fileEncoding = 4; lastKnownFileType = sourcecode.c.h; path = Encryptor.h; sourceTree = "<group>"; };
		7D90EF1F1A865DFB00AF79F9 /* Encryptor.m */ = {isa = PBXFileReference; fileEncoding = 4; lastKnownFileType = sourcecode.c.objc; path = Encryptor.m; sourceTree = "<group>"; };
		7D90EF211A86816C00AF79F9 /* SignUpModel.h */ = {isa = PBXFileReference; fileEncoding = 4; lastKnownFileType = sourcecode.c.h; path = SignUpModel.h; sourceTree = "<group>"; };
		7D90EF221A86816C00AF79F9 /* SignUpModel.m */ = {isa = PBXFileReference; fileEncoding = 4; lastKnownFileType = sourcecode.c.objc; path = SignUpModel.m; sourceTree = "<group>"; };
		CB665B511A8649DC0032DA11 /* SocialShare.h */ = {isa = PBXFileReference; fileEncoding = 4; lastKnownFileType = sourcecode.c.h; path = SocialShare.h; sourceTree = "<group>"; };
		CB665B521A8649DC0032DA11 /* SocialShare.m */ = {isa = PBXFileReference; fileEncoding = 4; lastKnownFileType = sourcecode.c.objc; path = SocialShare.m; sourceTree = "<group>"; };
		CB665B531A8649DC0032DA11 /* SocialSharingViewController.h */ = {isa = PBXFileReference; fileEncoding = 4; lastKnownFileType = sourcecode.c.h; path = SocialSharingViewController.h; sourceTree = "<group>"; };
		CB665B541A8649DC0032DA11 /* SocialSharingViewController.m */ = {isa = PBXFileReference; fileEncoding = 4; lastKnownFileType = sourcecode.c.objc; path = SocialSharingViewController.m; sourceTree = "<group>"; };
		CB665B581A864A500032DA11 /* HomeView.h */ = {isa = PBXFileReference; fileEncoding = 4; lastKnownFileType = sourcecode.c.h; path = HomeView.h; sourceTree = "<group>"; };
		CB665B591A864A500032DA11 /* HomeView.m */ = {isa = PBXFileReference; fileEncoding = 4; lastKnownFileType = sourcecode.c.objc; path = HomeView.m; sourceTree = "<group>"; };
		CB665B5A1A864A500032DA11 /* HomeViewController.h */ = {isa = PBXFileReference; fileEncoding = 4; lastKnownFileType = sourcecode.c.h; path = HomeViewController.h; sourceTree = "<group>"; };
		CB665B5B1A864A500032DA11 /* HomeViewController.m */ = {isa = PBXFileReference; fileEncoding = 4; lastKnownFileType = sourcecode.c.objc; path = HomeViewController.m; sourceTree = "<group>"; };
		CB665B5D1A864A500032DA11 /* GoogleMapView.h */ = {isa = PBXFileReference; fileEncoding = 4; lastKnownFileType = sourcecode.c.h; path = GoogleMapView.h; sourceTree = "<group>"; };
		CB665B5E1A864A500032DA11 /* GoogleMapView.m */ = {isa = PBXFileReference; fileEncoding = 4; lastKnownFileType = sourcecode.c.objc; path = GoogleMapView.m; sourceTree = "<group>"; };
		CB665B621A864F840032DA11 /* Social.framework */ = {isa = PBXFileReference; lastKnownFileType = wrapper.framework; name = Social.framework; path = System/Library/Frameworks/Social.framework; sourceTree = SDKROOT; };
		CB665B661A865B300032DA11 /* InitialViewController.h */ = {isa = PBXFileReference; fileEncoding = 4; lastKnownFileType = sourcecode.c.h; name = InitialViewController.h; path = InitialView/InitialViewController.h; sourceTree = "<group>"; };
		CB665B671A865B300032DA11 /* InitialViewController.m */ = {isa = PBXFileReference; fileEncoding = 4; lastKnownFileType = sourcecode.c.objc; name = InitialViewController.m; path = InitialView/InitialViewController.m; sourceTree = "<group>"; };
		CB665B691A865BCF0032DA11 /* InitialView.h */ = {isa = PBXFileReference; fileEncoding = 4; lastKnownFileType = sourcecode.c.h; name = InitialView.h; path = InitialView/InitialView.h; sourceTree = "<group>"; };
		CB665B6A1A865BCF0032DA11 /* InitialView.m */ = {isa = PBXFileReference; fileEncoding = 4; lastKnownFileType = sourcecode.c.objc; name = InitialView.m; path = InitialView/InitialView.m; sourceTree = "<group>"; };
		FC3AEB1E1A837C6300EA6B03 /* OLAAppathon.app */ = {isa = PBXFileReference; explicitFileType = wrapper.application; includeInIndex = 0; path = OLAAppathon.app; sourceTree = BUILT_PRODUCTS_DIR; };
		FC3AEB221A837C6400EA6B03 /* Info.plist */ = {isa = PBXFileReference; lastKnownFileType = text.plist.xml; path = Info.plist; sourceTree = "<group>"; };
		FC3AEB231A837C6400EA6B03 /* main.m */ = {isa = PBXFileReference; lastKnownFileType = sourcecode.c.objc; path = main.m; sourceTree = "<group>"; };
		FC3AEB251A837C6400EA6B03 /* AppDelegate.h */ = {isa = PBXFileReference; lastKnownFileType = sourcecode.c.h; path = AppDelegate.h; sourceTree = "<group>"; };
		FC3AEB261A837C6400EA6B03 /* AppDelegate.m */ = {isa = PBXFileReference; lastKnownFileType = sourcecode.c.objc; path = AppDelegate.m; sourceTree = "<group>"; };
		FC3AEB2C1A837C6400EA6B03 /* Base */ = {isa = PBXFileReference; lastKnownFileType = file.storyboard; name = Base; path = Base.lproj/Main.storyboard; sourceTree = "<group>"; };
		FC3AEB2E1A837C6400EA6B03 /* Images.xcassets */ = {isa = PBXFileReference; lastKnownFileType = folder.assetcatalog; path = Images.xcassets; sourceTree = "<group>"; };
		FC3AEB371A837C6600EA6B03 /* OLAAppathonTests.xctest */ = {isa = PBXFileReference; explicitFileType = wrapper.cfbundle; includeInIndex = 0; path = OLAAppathonTests.xctest; sourceTree = BUILT_PRODUCTS_DIR; };
		FC3AEB3C1A837C6600EA6B03 /* Info.plist */ = {isa = PBXFileReference; lastKnownFileType = text.plist.xml; path = Info.plist; sourceTree = "<group>"; };
		FC3AEB3D1A837C6600EA6B03 /* AppathonTemplateTests.m */ = {isa = PBXFileReference; lastKnownFileType = sourcecode.c.objc; path = AppathonTemplateTests.m; sourceTree = "<group>"; };
/* End PBXFileReference section */

/* Begin PBXFrameworksBuildPhase section */
		FC3AEB1B1A837C6300EA6B03 /* Frameworks */ = {
			isa = PBXFrameworksBuildPhase;
			buildActionMask = 2147483647;
			files = (
				CB665B641A864FC00032DA11 /* Social.framework in Frameworks */,
				7D52CAC81A861E4F00CD56AE /* CoreLocation.framework in Frameworks */,
				7D52CACE1A861E7800CD56AE /* libz.dylib in Frameworks */,
				7D52CACC1A861E6F00CD56AE /* libicucore.dylib in Frameworks */,
				7D52CACA1A861E6000CD56AE /* libc++.dylib in Frameworks */,
				7D52CAC61A861E4900CD56AE /* AVFoundation.framework in Frameworks */,
				7D52CAC41A861E4400CD56AE /* ImageIO.framework in Frameworks */,
				7D52CAC21A861E3D00CD56AE /* QuartzCore.framework in Frameworks */,
				7D52CAC01A861E3400CD56AE /* SystemConfiguration.framework in Frameworks */,
				7D52CABE1A861E1300CD56AE /* CoreData.framework in Frameworks */,
				7D52CABC1A861E0A00CD56AE /* CoreText.framework in Frameworks */,
				7D52CABA1A861E0300CD56AE /* GLKit.framework in Frameworks */,
				7D52CAB81A861DD200CD56AE /* GoogleMaps.framework in Frameworks */,
			);
			runOnlyForDeploymentPostprocessing = 0;
		};
		FC3AEB341A837C6500EA6B03 /* Frameworks */ = {
			isa = PBXFrameworksBuildPhase;
			buildActionMask = 2147483647;
			files = (
			);
			runOnlyForDeploymentPostprocessing = 0;
		};
/* End PBXFrameworksBuildPhase section */

/* Begin PBXGroup section */
		34C6DFDE1A86F1B300C193F6 /* ProfileView */ = {
			isa = PBXGroup;
			children = (
				34C6DFDF1A86F1D500C193F6 /* ProfileViewController.h */,
				34C6DFE01A86F1D500C193F6 /* ProfileViewController.m */,
				34C6DFE21A86F49900C193F6 /* ProfileView.h */,
				34C6DFE31A86F49900C193F6 /* ProfileView.m */,
			);
			path = ProfileView;
			sourceTree = "<group>";
		};
		7D52CA771A8618DC00CD56AE /* Frameworks */ = {
			isa = PBXGroup;
			children = (
				CB665B621A864F840032DA11 /* Social.framework */,
				7D52CACD1A861E7800CD56AE /* libz.dylib */,
				7D52CACB1A861E6F00CD56AE /* libicucore.dylib */,
				7D52CAC91A861E6000CD56AE /* libc++.dylib */,
				7D52CAC71A861E4F00CD56AE /* CoreLocation.framework */,
				7D52CAC51A861E4900CD56AE /* AVFoundation.framework */,
				7D52CAC31A861E4400CD56AE /* ImageIO.framework */,
				7D52CAC11A861E3D00CD56AE /* QuartzCore.framework */,
				7D52CABF1A861E3400CD56AE /* SystemConfiguration.framework */,
				7D52CABD1A861E1300CD56AE /* CoreData.framework */,
				7D52CABB1A861E0A00CD56AE /* CoreText.framework */,
				7D52CAB91A861E0300CD56AE /* GLKit.framework */,
				7D52CA781A8618DC00CD56AE /* GoogleMaps.bundle */,
				7D52CA791A8618DC00CD56AE /* GoogleMaps.framework */,
			);
			path = Frameworks;
			sourceTree = "<group>";
		};
		7D52CA7A1A8618DC00CD56AE /* Helpers */ = {
			isa = PBXGroup;
			children = (
				7D59FDC11A86B0F2007C921D /* Macros.h */,
				7D90EF1E1A865DFB00AF79F9 /* Encryptor.h */,
				7D90EF1F1A865DFB00AF79F9 /* Encryptor.m */,
				7D3295341A8634CB00114B7D /* Error.h */,
				7D3295351A8634CB00114B7D /* Error.m */,
				7D3295371A86351500114B7D /* Validator.h */,
				7D3295381A86351500114B7D /* Validator.m */,
				7D3295311A86340200114B7D /* AppData.h */,
				7D3295321A86340200114B7D /* AppData.m */,
				7D32952E1A86335900114B7D /* AppConfig.h */,
				7D32952F1A86335900114B7D /* AppConfig.m */,
				7D52CA7B1A8618DC00CD56AE /* DataParser */,
				7D52CA7E1A8618DC00CD56AE /* ImageCache */,
				7D52CA811A8618DC00CD56AE /* ImageDownloader */,
				7D52CA861A8618DC00CD56AE /* LocationSorter */,
				7D52CA891A8618DC00CD56AE /* MBProgressHUD */,
				7D52CA8C1A8618DC00CD56AE /* ServerHandler */,
			);
			path = Helpers;
			sourceTree = "<group>";
		};
		7D52CA7B1A8618DC00CD56AE /* DataParser */ = {
			isa = PBXGroup;
			children = (
				7D52CA7C1A8618DC00CD56AE /* DataParser.h */,
				7D52CA7D1A8618DC00CD56AE /* DataParser.m */,
			);
			path = DataParser;
			sourceTree = "<group>";
		};
		7D52CA7E1A8618DC00CD56AE /* ImageCache */ = {
			isa = PBXGroup;
			children = (
				7D52CA7F1A8618DC00CD56AE /* ImageCache.h */,
				7D52CA801A8618DC00CD56AE /* ImageCache.m */,
			);
			path = ImageCache;
			sourceTree = "<group>";
		};
		7D52CA811A8618DC00CD56AE /* ImageDownloader */ = {
			isa = PBXGroup;
			children = (
				7D52CA821A8618DC00CD56AE /* AsynchronousImageDownloader.h */,
				7D52CA831A8618DC00CD56AE /* AsynchronousImageDownloader.m */,
				7D52CA841A8618DC00CD56AE /* ImageDownloader.h */,
				7D52CA851A8618DC00CD56AE /* ImageDownloader.m */,
			);
			path = ImageDownloader;
			sourceTree = "<group>";
		};
		7D52CA861A8618DC00CD56AE /* LocationSorter */ = {
			isa = PBXGroup;
			children = (
				7D52CA871A8618DC00CD56AE /* LocationSorter.h */,
				7D52CA881A8618DC00CD56AE /* LocationSorter.m */,
			);
			path = LocationSorter;
			sourceTree = "<group>";
		};
		7D52CA891A8618DC00CD56AE /* MBProgressHUD */ = {
			isa = PBXGroup;
			children = (
				7D52CA8A1A8618DC00CD56AE /* MBProgressHUD.h */,
				7D52CA8B1A8618DC00CD56AE /* MBProgressHUD.m */,
			);
			path = MBProgressHUD;
			sourceTree = "<group>";
		};
		7D52CA8C1A8618DC00CD56AE /* ServerHandler */ = {
			isa = PBXGroup;
			children = (
				7D52CA8D1A8618DC00CD56AE /* ServerHandler.h */,
				7D52CA8E1A8618DC00CD56AE /* ServerHandler.m */,
			);
			path = ServerHandler;
			sourceTree = "<group>";
		};
		7D52CA8F1A8618DC00CD56AE /* BaseModels */ = {
			isa = PBXGroup;
			children = (
				7D3295241A8631D200114B7D /* JSONModelBaseProtocol.h */,
				7D32952B1A8632FF00114B7D /* BaseModel.h */,
				7D32952C1A8632FF00114B7D /* BaseModel.m */,
				7D3295251A8631D200114B7D /* ModelBase.h */,
				7D3295261A8631D200114B7D /* ModelBase.m */,
			);
			name = BaseModels;
			path = Models;
			sourceTree = "<group>";
		};
		7D52CA901A8618DC00CD56AE /* BaseViewController */ = {
			isa = PBXGroup;
			children = (
				7D59FDD51A86E1DA007C921D /* BaseHeaderViewController.h */,
				7D59FDD61A86E1DA007C921D /* BaseHeaderViewController.m */,
				7D52CA911A8618DC00CD56AE /* BaseViewController.h */,
				7D52CA921A8618DC00CD56AE /* BaseViewController.m */,
				7D52CA931A8618DC00CD56AE /* LinkedInLoginViewController.h */,
				7D52CA941A8618DC00CD56AE /* LinkedInLoginViewController.m */,
				7D52CA951A8618DC00CD56AE /* RestaurentDetailsViewController.h */,
				7D52CA961A8618DC00CD56AE /* RestaurentDetailsViewController.m */,
			);
			name = BaseViewController;
			path = ViewController;
			sourceTree = "<group>";
		};
		7D52CA971A8618DC00CD56AE /* BaseViews */ = {
			isa = PBXGroup;
			children = (
				7D59FDD81A86E228007C921D /* BaseView.h */,
				7D59FDD91A86E228007C921D /* BaseView.m */,
				7D59FDDB1A86E291007C921D /* BaseHeaderView.h */,
				7D59FDDC1A86E291007C921D /* BaseHeaderView.m */,
			);
			name = BaseViews;
			path = Views;
			sourceTree = "<group>";
		};
		7D52CAB01A8619F600CD56AE /* Login */ = {
			isa = PBXGroup;
			children = (
				7D52CAB21A861A4A00CD56AE /* LoginViewController.h */,
				7D52CAB31A861A4A00CD56AE /* LoginViewController.m */,
				7D52CAB51A861A6200CD56AE /* LoginView.h */,
				7D52CAB61A861A6200CD56AE /* LoginView.m */,
				7D3295281A8632AE00114B7D /* LoginModel.h */,
				7D3295291A8632AE00114B7D /* LoginModel.m */,
			);
			path = Login;
			sourceTree = "<group>";
		};
		7D52CAB11A8619F600CD56AE /* SignUp */ = {
			isa = PBXGroup;
			children = (
				7D90EF211A86816C00AF79F9 /* SignUpModel.h */,
				7D90EF221A86816C00AF79F9 /* SignUpModel.m */,
				7D3295411A863AF000114B7D /* SignUpViewController.h */,
				7D3295421A863AF000114B7D /* SignUpViewController.m */,
				7D3295441A863B1600114B7D /* SignView.h */,
				7D3295451A863B1600114B7D /* SignView.m */,
			);
			path = SignUp;
			sourceTree = "<group>";
		};
		7D59FDBA1A86A204007C921D /* PickMyFriend */ = {
			isa = PBXGroup;
			children = (
				7D59FDBB1A86A239007C921D /* PickMyFriendViewController.h */,
				7D59FDBC1A86A239007C921D /* PickMyFriendViewController.m */,
				7D59FDBE1A86A253007C921D /* PickMyFriendView.h */,
				7D59FDBF1A86A253007C921D /* PickMyFriendView.m */,
			);
			name = PickMyFriend;
			path = AppathonTemplate/PickMyFriend;
			sourceTree = SOURCE_ROOT;
		};
		7D59FDC21A86E106007C921D /* Categories */ = {
			isa = PBXGroup;
			children = (
				7D59FDC31A86E106007C921D /* UIButton+Button.h */,
				7D59FDC41A86E106007C921D /* UIButton+Button.m */,
				7D59FDC51A86E106007C921D /* UIColor+BasicColors.h */,
				7D59FDC61A86E106007C921D /* UIColor+BasicColors.m */,
				7D59FDC71A86E106007C921D /* UIImageView+ImageView.h */,
				7D59FDC81A86E106007C921D /* UIImageView+ImageView.m */,
				7D59FDC91A86E106007C921D /* UILabel+AppathonLabel.h */,
				7D59FDCA1A86E106007C921D /* UILabel+AppathonLabel.m */,
				7D59FDCB1A86E106007C921D /* UILabel+Label.h */,
				7D59FDCC1A86E106007C921D /* UILabel+Label.m */,
				7D59FDCD1A86E106007C921D /* UITextField+TextField.h */,
				7D59FDCE1A86E106007C921D /* UITextField+TextField.m */,
			);
			path = Categories;
			sourceTree = "<group>";
		};
		7D59FDDE1A86E2BE007C921D /* SelectedTripDetails */ = {
			isa = PBXGroup;
			children = (
				7D59FDDF1A86E2BE007C921D /* SelectedTripDetailsView.h */,
				7D59FDE01A86E2BE007C921D /* SelectedTripDetailsView.m */,
				7D59FDE11A86E2BE007C921D /* SelectedTripDetailsViewController.h */,
				7D59FDE21A86E2BE007C921D /* SelectedTripDetailsViewController.m */,
			);
			path = SelectedTripDetails;
			sourceTree = "<group>";
		};
		7D59FDE51A86E688007C921D /* SummaryView */ = {
			isa = PBXGroup;
			children = (
				7D59FDE61A86E688007C921D /* SummaryView.h */,
				7D59FDE71A86E688007C921D /* SummaryView.m */,
				7D59FDE81A86E688007C921D /* SummaryViewCell.h */,
				7D59FDE91A86E688007C921D /* SummaryViewCell.m */,
				7D59FDEA1A86E688007C921D /* SummaryViewController.h */,
				7D59FDEB1A86E688007C921D /* SummaryViewController.m */,
				7D59FDEC1A86E688007C921D /* WidgetView.h */,
				7D59FDED1A86E688007C921D /* WidgetView.m */,
			);
			path = SummaryView;
			sourceTree = "<group>";
		};
		7D59FDF51A86E6F9007C921D /* Images */ = {
			isa = PBXGroup;
			children = (
				7D59FDF61A86E6F9007C921D /* call@2x.png */,
				7D59FDF71A86E6F9007C921D /* close@2x.png */,
				7D59FDF81A86E6F9007C921D /* csmera@2x.png */,
				7D59FDF91A86E6F9007C921D /* gallery@2x.png */,
				7D59FDFA1A86E6F9007C921D /* login@2x.png */,
				7D59FDFB1A86E6F9007C921D /* menu@2x.png */,
				7D59FDFC1A86E6F9007C921D /* noyification side box@2x.png */,
				7D59FDFD1A86E6F9007C921D /* nophoto@2x.png */,
				7D59FDFE1A86E6F9007C921D /* signup@2x.png */,
				7D59FDFF1A86E6F9007C921D /* Default@2x.png */,
				7D59FE011A86E6F9007C921D /* transpernt list@2x.png */,
			);
			path = Images;
			sourceTree = "<group>";
		};
		CB665B501A8649DC0032DA11 /* SocialShare */ = {
			isa = PBXGroup;
			children = (
				CB665B511A8649DC0032DA11 /* SocialShare.h */,
				CB665B521A8649DC0032DA11 /* SocialShare.m */,
				CB665B531A8649DC0032DA11 /* SocialSharingViewController.h */,
				CB665B541A8649DC0032DA11 /* SocialSharingViewController.m */,
			);
			path = SocialShare;
			sourceTree = "<group>";
		};
		CB665B571A864A500032DA11 /* HomeView */ = {
			isa = PBXGroup;
			children = (
				CB665B581A864A500032DA11 /* HomeView.h */,
				CB665B591A864A500032DA11 /* HomeView.m */,
				CB665B5A1A864A500032DA11 /* HomeViewController.h */,
				CB665B5B1A864A500032DA11 /* HomeViewController.m */,
			);
			path = HomeView;
			sourceTree = "<group>";
		};
		CB665B5C1A864A500032DA11 /* MapView */ = {
			isa = PBXGroup;
			children = (
				CB665B5D1A864A500032DA11 /* GoogleMapView.h */,
				CB665B5E1A864A500032DA11 /* GoogleMapView.m */,
			);
			path = MapView;
			sourceTree = "<group>";
		};
		CB665B651A865AEF0032DA11 /* InitialView */ = {
			isa = PBXGroup;
			children = (
				CB665B661A865B300032DA11 /* InitialViewController.h */,
				CB665B671A865B300032DA11 /* InitialViewController.m */,
				CB665B691A865BCF0032DA11 /* InitialView.h */,
				CB665B6A1A865BCF0032DA11 /* InitialView.m */,
			);
			name = InitialView;
			sourceTree = "<group>";
		};
		FC3AEB151A837C6100EA6B03 = {
			isa = PBXGroup;
			children = (
				34C6DF931A866D7E00C193F6 /* libsqlite3.dylib */,
				34C6DFA41A8673CC00C193F6 /* Google.png */,
				34C6DFD01A86CF0100C193F6 /* csmera.png */,
				34C6DFD21A86CF8400C193F6 /* gallery.png */,
				34C6DFDA1A86D63400C193F6 /* cab1.png */,
				34C6DFDC1A86D8A600C193F6 /* rupee.png */,
				FC3AEB201A837C6300EA6B03 /* AppathonTemplate */,
				FC3AEB3A1A837C6600EA6B03 /* AppathonTemplateTests */,
				FC3AEB1F1A837C6300EA6B03 /* Products */,
			);
			sourceTree = "<group>";
		};
		FC3AEB1F1A837C6300EA6B03 /* Products */ = {
			isa = PBXGroup;
			children = (
				FC3AEB1E1A837C6300EA6B03 /* OLAAppathon.app */,
				FC3AEB371A837C6600EA6B03 /* OLAAppathonTests.xctest */,
			);
			name = Products;
			sourceTree = "<group>";
		};
		FC3AEB201A837C6300EA6B03 /* AppathonTemplate */ = {
			isa = PBXGroup;
			children = (
				34C6DFDE1A86F1B300C193F6 /* ProfileView */,
				7D59FDF51A86E6F9007C921D /* Images */,
				7D59FDF21A86E6C7007C921D /* LoginAndSignUpViewController.h */,
				7D59FDF31A86E6C7007C921D /* LoginAndSignUpViewController.m */,
				7D59FDE51A86E688007C921D /* SummaryView */,
				7D59FDDE1A86E2BE007C921D /* SelectedTripDetails */,
				7D59FDC21A86E106007C921D /* Categories */,
				CB665B651A865AEF0032DA11 /* InitialView */,
				CB665B571A864A500032DA11 /* HomeView */,
				CB665B5C1A864A500032DA11 /* MapView */,
				CB665B501A8649DC0032DA11 /* SocialShare */,
				7D59FDBA1A86A204007C921D /* PickMyFriend */,
				7D52CAB01A8619F600CD56AE /* Login */,
				7D52CAB11A8619F600CD56AE /* SignUp */,
				7D52CA8F1A8618DC00CD56AE /* BaseModels */,
				7D52CA901A8618DC00CD56AE /* BaseViewController */,
				7D52CA971A8618DC00CD56AE /* BaseViews */,
				7D52CA771A8618DC00CD56AE /* Frameworks */,
				7D52CA7A1A8618DC00CD56AE /* Helpers */,
				FC3AEB251A837C6400EA6B03 /* AppDelegate.h */,
				FC3AEB261A837C6400EA6B03 /* AppDelegate.m */,
				FC3AEB2B1A837C6400EA6B03 /* Main.storyboard */,
				FC3AEB2E1A837C6400EA6B03 /* Images.xcassets */,
				FC3AEB211A837C6300EA6B03 /* Supporting Files */,
			);
			path = AppathonTemplate;
			sourceTree = "<group>";
		};
		FC3AEB211A837C6300EA6B03 /* Supporting Files */ = {
			isa = PBXGroup;
			children = (
				7D3295401A8638F000114B7D /* OLAAppathon-PrefixHeader.pch */,
				FC3AEB221A837C6400EA6B03 /* Info.plist */,
				FC3AEB231A837C6400EA6B03 /* main.m */,
			);
			name = "Supporting Files";
			sourceTree = "<group>";
		};
		FC3AEB3A1A837C6600EA6B03 /* AppathonTemplateTests */ = {
			isa = PBXGroup;
			children = (
				FC3AEB3D1A837C6600EA6B03 /* AppathonTemplateTests.m */,
				FC3AEB3B1A837C6600EA6B03 /* Supporting Files */,
			);
			path = AppathonTemplateTests;
			sourceTree = "<group>";
		};
		FC3AEB3B1A837C6600EA6B03 /* Supporting Files */ = {
			isa = PBXGroup;
			children = (
				FC3AEB3C1A837C6600EA6B03 /* Info.plist */,
			);
			name = "Supporting Files";
			sourceTree = "<group>";
		};
/* End PBXGroup section */

/* Begin PBXNativeTarget section */
		FC3AEB1D1A837C6300EA6B03 /* OLAAppathon */ = {
			isa = PBXNativeTarget;
			buildConfigurationList = FC3AEB411A837C6600EA6B03 /* Build configuration list for PBXNativeTarget "OLAAppathon" */;
			buildPhases = (
				FC3AEB1A1A837C6300EA6B03 /* Sources */,
				FC3AEB1B1A837C6300EA6B03 /* Frameworks */,
				FC3AEB1C1A837C6300EA6B03 /* Resources */,
			);
			buildRules = (
			);
			dependencies = (
			);
			name = OLAAppathon;
			productName = AppathonTemplate;
			productReference = FC3AEB1E1A837C6300EA6B03 /* OLAAppathon.app */;
			productType = "com.apple.product-type.application";
		};
		FC3AEB361A837C6600EA6B03 /* OLAAppathonTests */ = {
			isa = PBXNativeTarget;
			buildConfigurationList = FC3AEB441A837C6600EA6B03 /* Build configuration list for PBXNativeTarget "OLAAppathonTests" */;
			buildPhases = (
				FC3AEB331A837C6500EA6B03 /* Sources */,
				FC3AEB341A837C6500EA6B03 /* Frameworks */,
				FC3AEB351A837C6500EA6B03 /* Resources */,
			);
			buildRules = (
			);
			dependencies = (
				FC3AEB391A837C6600EA6B03 /* PBXTargetDependency */,
			);
			name = OLAAppathonTests;
			productName = AppathonTemplateTests;
			productReference = FC3AEB371A837C6600EA6B03 /* OLAAppathonTests.xctest */;
			productType = "com.apple.product-type.bundle.unit-test";
		};
/* End PBXNativeTarget section */

/* Begin PBXProject section */
		FC3AEB161A837C6200EA6B03 /* Project object */ = {
			isa = PBXProject;
			attributes = {
				LastUpgradeCheck = 0610;
				ORGANIZATIONNAME = "Market Simplified";
				TargetAttributes = {
					FC3AEB1D1A837C6300EA6B03 = {
						CreatedOnToolsVersion = 6.1.1;
					};
					FC3AEB361A837C6600EA6B03 = {
						CreatedOnToolsVersion = 6.1.1;
						TestTargetID = FC3AEB1D1A837C6300EA6B03;
					};
				};
			};
			buildConfigurationList = FC3AEB191A837C6200EA6B03 /* Build configuration list for PBXProject "OLAAppathon" */;
			compatibilityVersion = "Xcode 3.2";
			developmentRegion = English;
			hasScannedForEncodings = 0;
			knownRegions = (
				en,
				Base,
			);
			mainGroup = FC3AEB151A837C6100EA6B03;
			productRefGroup = FC3AEB1F1A837C6300EA6B03 /* Products */;
			projectDirPath = "";
			projectRoot = "";
			targets = (
				FC3AEB1D1A837C6300EA6B03 /* OLAAppathon */,
				FC3AEB361A837C6600EA6B03 /* OLAAppathonTests */,
			);
		};
/* End PBXProject section */

/* Begin PBXResourcesBuildPhase section */
		FC3AEB1C1A837C6300EA6B03 /* Resources */ = {
			isa = PBXResourcesBuildPhase;
			buildActionMask = 2147483647;
			files = (
				7D59FE111A8700FB007C921D /* Default@2x.png in Resources */,
				34C6DFD11A86CF0100C193F6 /* csmera.png in Resources */,
				7D59FE101A8700F1007C921D /* nophoto@2x.png in Resources */,
				FC3AEB2D1A837C6400EA6B03 /* Main.storyboard in Resources */,
				34C6DFDB1A86D63400C193F6 /* cab1.png in Resources */,
				34C6DFA51A8673CC00C193F6 /* Google.png in Resources */,
				34C6DFDD1A86D8A600C193F6 /* rupee.png in Resources */,
				7D59FE151A870171007C921D /* gallery@2x.png in Resources */,
				34C6DFD11A86CF0100C193F6 /* csmera.png in Resources */,
				34C6DFDB1A86D63400C193F6 /* cab1.png in Resources */,
				34C6DFA51A8673CC00C193F6 /* Google.png in Resources */,
				34C6DFDD1A86D8A600C193F6 /* rupee.png in Resources */,
				FC3AEB2F1A837C6400EA6B03 /* Images.xcassets in Resources */,
				7D59FE121A870171007C921D /* call@2x.png in Resources */,
				7D59FE191A870171007C921D /* transpernt list@2x.png in Resources */,
				7D59FE141A870171007C921D /* csmera@2x.png in Resources */,
				7D59FE131A870171007C921D /* close@2x.png in Resources */,
				34C6DFD31A86CF8400C193F6 /* gallery.png in Resources */,
				7D59FE161A870171007C921D /* menu@2x.png in Resources */,
				7D59FE181A870171007C921D /* signup@2x.png in Resources */,
				7D52CAA01A8618DC00CD56AE /* GoogleMaps.bundle in Resources */,
				7D59FE061A86E6F9007C921D /* login@2x.png in Resources */,
				7D59FE171A870171007C921D /* noyification side box@2x.png in Resources */,
			);
			runOnlyForDeploymentPostprocessing = 0;
		};
		FC3AEB351A837C6500EA6B03 /* Resources */ = {
			isa = PBXResourcesBuildPhase;
			buildActionMask = 2147483647;
			files = (
			);
			runOnlyForDeploymentPostprocessing = 0;
		};
/* End PBXResourcesBuildPhase section */

/* Begin PBXSourcesBuildPhase section */
		FC3AEB1A1A837C6300EA6B03 /* Sources */ = {
			isa = PBXSourcesBuildPhase;
			buildActionMask = 2147483647;
			files = (
				7D3295361A8634CB00114B7D /* Error.m in Sources */,
				7D32952D1A8632FF00114B7D /* BaseModel.m in Sources */,
				7D59FDD71A86E1DA007C921D /* BaseHeaderViewController.m in Sources */,
				7D52CAA51A8618DC00CD56AE /* ImageDownloader.m in Sources */,
				34C6DFE11A86F1D500C193F6 /* ProfileViewController.m in Sources */,
				CB665B611A864A500032DA11 /* GoogleMapView.m in Sources */,
				7D52CAA91A8618DC00CD56AE /* BaseViewController.m in Sources */,
				7D90EF201A865DFB00AF79F9 /* Encryptor.m in Sources */,
				7D3295271A8631D200114B7D /* ModelBase.m in Sources */,
				7D3295461A863B1600114B7D /* SignView.m in Sources */,
				7D59FDEF1A86E688007C921D /* SummaryViewCell.m in Sources */,
				CB665B561A8649DC0032DA11 /* SocialSharingViewController.m in Sources */,
				7D59FDF01A86E688007C921D /* SummaryViewController.m in Sources */,
				FC3AEB271A837C6400EA6B03 /* AppDelegate.m in Sources */,
				7D32952A1A8632AE00114B7D /* LoginModel.m in Sources */,
				7D59FDD11A86E106007C921D /* UIImageView+ImageView.m in Sources */,
				7D3295301A86335900114B7D /* AppConfig.m in Sources */,
				7D52CAA41A8618DC00CD56AE /* AsynchronousImageDownloader.m in Sources */,
				7D59FDCF1A86E106007C921D /* UIButton+Button.m in Sources */,
				7D3295431A863AF000114B7D /* SignUpViewController.m in Sources */,
				7D52CAA21A8618DC00CD56AE /* DataParser.m in Sources */,
				CB665B5F1A864A500032DA11 /* HomeView.m in Sources */,
				7D52CAB41A861A4A00CD56AE /* LoginViewController.m in Sources */,
				7D59FDD41A86E106007C921D /* UITextField+TextField.m in Sources */,
				7D59FDE31A86E2BE007C921D /* SelectedTripDetailsView.m in Sources */,
				7D59FDDA1A86E228007C921D /* BaseView.m in Sources */,
				7D90EF231A86816C00AF79F9 /* SignUpModel.m in Sources */,
				7D52CAA31A8618DC00CD56AE /* ImageCache.m in Sources */,
				7D59FDEE1A86E688007C921D /* SummaryView.m in Sources */,
				7D59FDC01A86A253007C921D /* PickMyFriendView.m in Sources */,
				7D59FDDD1A86E291007C921D /* BaseHeaderView.m in Sources */,
				CB665B551A8649DC0032DA11 /* SocialShare.m in Sources */,
				7D59FDD01A86E106007C921D /* UIColor+BasicColors.m in Sources */,
				7D59FDBD1A86A239007C921D /* PickMyFriendViewController.m in Sources */,
				34C6DFE41A86F49900C193F6 /* ProfileView.m in Sources */,
				7D59FDD31A86E106007C921D /* UILabel+Label.m in Sources */,
				7D52CAB71A861A6200CD56AE /* LoginView.m in Sources */,
				7D52CAA81A8618DC00CD56AE /* ServerHandler.m in Sources */,
				CB665B6B1A865BCF0032DA11 /* InitialView.m in Sources */,
				CB665B601A864A500032DA11 /* HomeViewController.m in Sources */,
				7D59FDF11A86E688007C921D /* WidgetView.m in Sources */,
				FC3AEB241A837C6400EA6B03 /* main.m in Sources */,
				7D52CAA61A8618DC00CD56AE /* LocationSorter.m in Sources */,
				7D59FDF41A86E6C7007C921D /* LoginAndSignUpViewController.m in Sources */,
				7D52CAA71A8618DC00CD56AE /* MBProgressHUD.m in Sources */,
				7D59FDD21A86E106007C921D /* UILabel+AppathonLabel.m in Sources */,
				7D52CAAA1A8618DC00CD56AE /* LinkedInLoginViewController.m in Sources */,
				CB665B681A865B300032DA11 /* InitialViewController.m in Sources */,
				7D3295391A86351500114B7D /* Validator.m in Sources */,
				7D59FDE41A86E2BE007C921D /* SelectedTripDetailsViewController.m in Sources */,
				7D3295331A86340200114B7D /* AppData.m in Sources */,
			);
			runOnlyForDeploymentPostprocessing = 0;
		};
		FC3AEB331A837C6500EA6B03 /* Sources */ = {
			isa = PBXSourcesBuildPhase;
			buildActionMask = 2147483647;
			files = (
				FC3AEB3E1A837C6600EA6B03 /* AppathonTemplateTests.m in Sources */,
			);
			runOnlyForDeploymentPostprocessing = 0;
		};
/* End PBXSourcesBuildPhase section */

/* Begin PBXTargetDependency section */
		FC3AEB391A837C6600EA6B03 /* PBXTargetDependency */ = {
			isa = PBXTargetDependency;
			target = FC3AEB1D1A837C6300EA6B03 /* OLAAppathon */;
			targetProxy = FC3AEB381A837C6600EA6B03 /* PBXContainerItemProxy */;
		};
/* End PBXTargetDependency section */

/* Begin PBXVariantGroup section */
		FC3AEB2B1A837C6400EA6B03 /* Main.storyboard */ = {
			isa = PBXVariantGroup;
			children = (
				FC3AEB2C1A837C6400EA6B03 /* Base */,
			);
			name = Main.storyboard;
			sourceTree = "<group>";
		};
/* End PBXVariantGroup section */

/* Begin XCBuildConfiguration section */
		FC3AEB3F1A837C6600EA6B03 /* Debug */ = {
			isa = XCBuildConfiguration;
			buildSettings = {
				ALWAYS_SEARCH_USER_PATHS = NO;
				ARCHS = "$(ARCHS_STANDARD)";
				CLANG_CXX_LANGUAGE_STANDARD = "gnu++0x";
				CLANG_CXX_LIBRARY = "libc++";
				CLANG_ENABLE_MODULES = YES;
				CLANG_ENABLE_OBJC_ARC = YES;
				CLANG_WARN_BOOL_CONVERSION = YES;
				CLANG_WARN_CONSTANT_CONVERSION = YES;
				CLANG_WARN_DIRECT_OBJC_ISA_USAGE = YES_ERROR;
				CLANG_WARN_EMPTY_BODY = YES;
				CLANG_WARN_ENUM_CONVERSION = YES;
				CLANG_WARN_INT_CONVERSION = YES;
				CLANG_WARN_OBJC_ROOT_CLASS = YES_ERROR;
				CLANG_WARN_UNREACHABLE_CODE = YES;
				CLANG_WARN__DUPLICATE_METHOD_MATCH = YES;
				"CODE_SIGN_IDENTITY[sdk=iphoneos*]" = "iPhone Developer";
				COPY_PHASE_STRIP = NO;
				ENABLE_STRICT_OBJC_MSGSEND = YES;
				GCC_C_LANGUAGE_STANDARD = gnu99;
				GCC_DYNAMIC_NO_PIC = NO;
				GCC_OPTIMIZATION_LEVEL = 0;
				GCC_PREPROCESSOR_DEFINITIONS = (
					"DEBUG=1",
					"$(inherited)",
				);
				GCC_SYMBOLS_PRIVATE_EXTERN = NO;
				GCC_WARN_64_TO_32_BIT_CONVERSION = YES;
				GCC_WARN_ABOUT_RETURN_TYPE = YES_ERROR;
				GCC_WARN_UNDECLARED_SELECTOR = YES;
				GCC_WARN_UNINITIALIZED_AUTOS = YES_AGGRESSIVE;
				GCC_WARN_UNUSED_FUNCTION = YES;
				GCC_WARN_UNUSED_VARIABLE = YES;
				IPHONEOS_DEPLOYMENT_TARGET = 8.1;
				MTL_ENABLE_DEBUG_INFO = YES;
				ONLY_ACTIVE_ARCH = NO;
				SDKROOT = iphoneos;
				VALID_ARCHS = "armv7 armv7s arm64";
			};
			name = Debug;
		};
		FC3AEB401A837C6600EA6B03 /* Release */ = {
			isa = XCBuildConfiguration;
			buildSettings = {
				ALWAYS_SEARCH_USER_PATHS = NO;
				ARCHS = "$(ARCHS_STANDARD)";
				CLANG_CXX_LANGUAGE_STANDARD = "gnu++0x";
				CLANG_CXX_LIBRARY = "libc++";
				CLANG_ENABLE_MODULES = YES;
				CLANG_ENABLE_OBJC_ARC = YES;
				CLANG_WARN_BOOL_CONVERSION = YES;
				CLANG_WARN_CONSTANT_CONVERSION = YES;
				CLANG_WARN_DIRECT_OBJC_ISA_USAGE = YES_ERROR;
				CLANG_WARN_EMPTY_BODY = YES;
				CLANG_WARN_ENUM_CONVERSION = YES;
				CLANG_WARN_INT_CONVERSION = YES;
				CLANG_WARN_OBJC_ROOT_CLASS = YES_ERROR;
				CLANG_WARN_UNREACHABLE_CODE = YES;
				CLANG_WARN__DUPLICATE_METHOD_MATCH = YES;
				"CODE_SIGN_IDENTITY[sdk=iphoneos*]" = "iPhone Developer";
				COPY_PHASE_STRIP = YES;
				ENABLE_NS_ASSERTIONS = NO;
				ENABLE_STRICT_OBJC_MSGSEND = YES;
				GCC_C_LANGUAGE_STANDARD = gnu99;
				GCC_WARN_64_TO_32_BIT_CONVERSION = YES;
				GCC_WARN_ABOUT_RETURN_TYPE = YES_ERROR;
				GCC_WARN_UNDECLARED_SELECTOR = YES;
				GCC_WARN_UNINITIALIZED_AUTOS = YES_AGGRESSIVE;
				GCC_WARN_UNUSED_FUNCTION = YES;
				GCC_WARN_UNUSED_VARIABLE = YES;
				IPHONEOS_DEPLOYMENT_TARGET = 8.1;
				MTL_ENABLE_DEBUG_INFO = NO;
				ONLY_ACTIVE_ARCH = NO;
				SDKROOT = iphoneos;
				VALIDATE_PRODUCT = YES;
				VALID_ARCHS = "armv7 armv7s arm64";
			};
			name = Release;
		};
		FC3AEB421A837C6600EA6B03 /* Debug */ = {
			isa = XCBuildConfiguration;
			buildSettings = {
				ARCHS = "$(ARCHS_STANDARD)";
				ASSETCATALOG_COMPILER_APPICON_NAME = AppIcon;
				FRAMEWORK_SEARCH_PATHS = (
					"$(inherited)",
					"$(PROJECT_DIR)/AppathonTemplate/Frameworks",
				);
				GCC_PRECOMPILE_PREFIX_HEADER = YES;
				GCC_PREFIX_HEADER = "AppathonTemplate/OLAAppathon-PrefixHeader.pch";
				INFOPLIST_FILE = AppathonTemplate/Info.plist;
				IPHONEOS_DEPLOYMENT_TARGET = 7.0;
				LD_RUNPATH_SEARCH_PATHS = "$(inherited) @executable_path/Frameworks";
				OTHER_LDFLAGS = "-ObjC";
				PRODUCT_NAME = OLAAppathon;
				VALID_ARCHS = "armv7 armv7s arm64";
			};
			name = Debug;
		};
		FC3AEB431A837C6600EA6B03 /* Release */ = {
			isa = XCBuildConfiguration;
			buildSettings = {
				ARCHS = "$(ARCHS_STANDARD)";
				ASSETCATALOG_COMPILER_APPICON_NAME = AppIcon;
				FRAMEWORK_SEARCH_PATHS = (
					"$(inherited)",
					"$(PROJECT_DIR)/AppathonTemplate/Frameworks",
				);
				GCC_PRECOMPILE_PREFIX_HEADER = YES;
				GCC_PREFIX_HEADER = "AppathonTemplate/OLAAppathon-PrefixHeader.pch";
				INFOPLIST_FILE = AppathonTemplate/Info.plist;
				IPHONEOS_DEPLOYMENT_TARGET = 7.0;
				LD_RUNPATH_SEARCH_PATHS = "$(inherited) @executable_path/Frameworks";
				OTHER_LDFLAGS = "-ObjC";
				PRODUCT_NAME = OLAAppathon;
				VALID_ARCHS = "armv7 armv7s arm64";
			};
			name = Release;
		};
		FC3AEB451A837C6600EA6B03 /* Debug */ = {
			isa = XCBuildConfiguration;
			buildSettings = {
				BUNDLE_LOADER = "$(TEST_HOST)";
				FRAMEWORK_SEARCH_PATHS = (
					"$(SDKROOT)/Developer/Library/Frameworks",
					"$(inherited)",
				);
				GCC_PREPROCESSOR_DEFINITIONS = (
					"DEBUG=1",
					"$(inherited)",
				);
				INFOPLIST_FILE = AppathonTemplateTests/Info.plist;
				LD_RUNPATH_SEARCH_PATHS = "$(inherited) @executable_path/Frameworks @loader_path/Frameworks";
				PRODUCT_NAME = OLAAppathonTests;
			};
			name = Debug;
		};
		FC3AEB461A837C6600EA6B03 /* Release */ = {
			isa = XCBuildConfiguration;
			buildSettings = {
				BUNDLE_LOADER = "$(TEST_HOST)";
				FRAMEWORK_SEARCH_PATHS = (
					"$(SDKROOT)/Developer/Library/Frameworks",
					"$(inherited)",
				);
				INFOPLIST_FILE = AppathonTemplateTests/Info.plist;
				LD_RUNPATH_SEARCH_PATHS = "$(inherited) @executable_path/Frameworks @loader_path/Frameworks";
				PRODUCT_NAME = OLAAppathonTests;
			};
			name = Release;
		};
/* End XCBuildConfiguration section */

/* Begin XCConfigurationList section */
		FC3AEB191A837C6200EA6B03 /* Build configuration list for PBXProject "OLAAppathon" */ = {
			isa = XCConfigurationList;
			buildConfigurations = (
				FC3AEB3F1A837C6600EA6B03 /* Debug */,
				FC3AEB401A837C6600EA6B03 /* Release */,
			);
			defaultConfigurationIsVisible = 0;
			defaultConfigurationName = Release;
		};
		FC3AEB411A837C6600EA6B03 /* Build configuration list for PBXNativeTarget "OLAAppathon" */ = {
			isa = XCConfigurationList;
			buildConfigurations = (
				FC3AEB421A837C6600EA6B03 /* Debug */,
				FC3AEB431A837C6600EA6B03 /* Release */,
			);
			defaultConfigurationIsVisible = 0;
			defaultConfigurationName = Release;
		};
		FC3AEB441A837C6600EA6B03 /* Build configuration list for PBXNativeTarget "OLAAppathonTests" */ = {
			isa = XCConfigurationList;
			buildConfigurations = (
				FC3AEB451A837C6600EA6B03 /* Debug */,
				FC3AEB461A837C6600EA6B03 /* Release */,
			);
			defaultConfigurationIsVisible = 0;
			defaultConfigurationName = Release;
		};
/* End XCConfigurationList section */
	};
	rootObject = FC3AEB161A837C6200EA6B03 /* Project object */;
}
