// !$*UTF8*$!
{
	archiveVersion = 1;
	classes = {
	};
	objectVersion = 46;
	objects = {

/* Begin PBXBuildFile section */
		34C6DF941A866D7E00C193F6 /* libsqlite3.dylib in Frameworks */ = {isa = PBXBuildFile; fileRef = 34C6DF931A866D7E00C193F6 /* libsqlite3.dylib */; };
		34C6DF981A866DA700C193F6 /* SQLiteClass.m in Sources */ = {isa = PBXBuildFile; fileRef = 34C6DF971A866DA700C193F6 /* SQLiteClass.m */; };
		34C6DFA51A8673CC00C193F6 /* Google.png in Resources */ = {isa = PBXBuildFile; fileRef = 34C6DFA41A8673CC00C193F6 /* Google.png */; };
		34C6DFA91A86889800C193F6 /* SelectedTripDetailsView.m in Sources */ = {isa = PBXBuildFile; fileRef = 34C6DFA81A86889800C193F6 /* SelectedTripDetailsView.m */; };
		34C6DFAC1A8688BE00C193F6 /* SelectedTripDetailsViewController.m in Sources */ = {isa = PBXBuildFile; fileRef = 34C6DFAB1A8688BE00C193F6 /* SelectedTripDetailsViewController.m */; };
		34C6DFAF1A868D2500C193F6 /* UILabel+AppathonLabel.m in Sources */ = {isa = PBXBuildFile; fileRef = 34C6DFAE1A868D2500C193F6 /* UILabel+AppathonLabel.m */; };
		34C6DFBA1A86A65C00C193F6 /* LoginAndSignUpViewController.m in Sources */ = {isa = PBXBuildFile; fileRef = 34C6DFB91A86A65C00C193F6 /* LoginAndSignUpViewController.m */; };
		34C6DFBE1A86B65F00C193F6 /* UIColor+BasicColors.m in Sources */ = {isa = PBXBuildFile; fileRef = 34C6DFBD1A86B65F00C193F6 /* UIColor+BasicColors.m */; };
		7D3295271A8631D200114B7D /* ModelBase.m in Sources */ = {isa = PBXBuildFile; fileRef = 7D3295261A8631D200114B7D /* ModelBase.m */; };
		7D32952A1A8632AE00114B7D /* LoginModel.m in Sources */ = {isa = PBXBuildFile; fileRef = 7D3295291A8632AE00114B7D /* LoginModel.m */; };
		7D32952D1A8632FF00114B7D /* BaseModel.m in Sources */ = {isa = PBXBuildFile; fileRef = 7D32952C1A8632FF00114B7D /* BaseModel.m */; };
		7D3295301A86335900114B7D /* AppConfig.m in Sources */ = {isa = PBXBuildFile; fileRef = 7D32952F1A86335900114B7D /* AppConfig.m */; };
		7D3295331A86340200114B7D /* AppData.m in Sources */ = {isa = PBXBuildFile; fileRef = 7D3295321A86340200114B7D /* AppData.m */; };
		7D3295361A8634CB00114B7D /* Error.m in Sources */ = {isa = PBXBuildFile; fileRef = 7D3295351A8634CB00114B7D /* Error.m */; };
		7D3295391A86351500114B7D /* Validator.m in Sources */ = {isa = PBXBuildFile; fileRef = 7D3295381A86351500114B7D /* Validator.m */; };
		7D32953E1A8638D900114B7D /* UIButton+Button.m in Sources */ = {isa = PBXBuildFile; fileRef = 7D32953B1A8638D900114B7D /* UIButton+Button.m */; };
		7D32953F1A8638D900114B7D /* UITextField+TextField.m in Sources */ = {isa = PBXBuildFile; fileRef = 7D32953D1A8638D900114B7D /* UITextField+TextField.m */; };
		7D3295431A863AF000114B7D /* SignUpViewController.m in Sources */ = {isa = PBXBuildFile; fileRef = 7D3295421A863AF000114B7D /* SignUpViewController.m */; };
		7D3295461A863B1600114B7D /* SignView.m in Sources */ = {isa = PBXBuildFile; fileRef = 7D3295451A863B1600114B7D /* SignView.m */; };
		7D52CAA01A8618DC00CD56AE /* GoogleMaps.bundle in Resources */ = {isa = PBXBuildFile; fileRef = 7D52CA781A8618DC00CD56AE /* GoogleMaps.bundle */; };
		7D52CAA21A8618DC00CD56AE /* DataParser.m in Sources */ = {isa = PBXBuildFile; fileRef = 7D52CA7D1A8618DC00CD56AE /* DataParser.m */; };
		7D52CAA31A8618DC00CD56AE /* ImageCache.m in Sources */ = {isa = PBXBuildFile; fileRef = 7D52CA801A8618DC00CD56AE /* ImageCache.m */; };
		7D52CAA41A8618DC00CD56AE /* AsynchronousImageDownloader.m in Sources */ = {isa = PBXBuildFile; fileRef = 7D52CA831A8618DC00CD56AE /* AsynchronousImageDownloader.m */; };
		7D52CAA51A8618DC00CD56AE /* ImageDownloader.m in Sources */ = {isa = PBXBuildFile; fileRef = 7D52CA851A8618DC00CD56AE /* ImageDownloader.m */; };
		7D52CAA61A8618DC00CD56AE /* LocationSorter.m in Sources */ = {isa = PBXBuildFile; fileRef = 7D52CA881A8618DC00CD56AE /* LocationSorter.m */; };
		7D52CAA71A8618DC00CD56AE /* MBProgressHUD.m in Sources */ = {isa = PBXBuildFile; fileRef = 7D52CA8B1A8618DC00CD56AE /* MBProgressHUD.m */; };
		7D52CAA81A8618DC00CD56AE /* ServerHandler.m in Sources */ = {isa = PBXBuildFile; fileRef = 7D52CA8E1A8618DC00CD56AE /* ServerHandler.m */; };
		7D52CAA91A8618DC00CD56AE /* BaseViewController.m in Sources */ = {isa = PBXBuildFile; fileRef = 7D52CA921A8618DC00CD56AE /* BaseViewController.m */; };
		7D52CAAA1A8618DC00CD56AE /* LinkedInLoginViewController.m in Sources */ = {isa = PBXBuildFile; fileRef = 7D52CA941A8618DC00CD56AE /* LinkedInLoginViewController.m */; };
		7D52CAAC1A8618DC00CD56AE /* BaseView.m in Sources */ = {isa = PBXBuildFile; fileRef = 7D52CA991A8618DC00CD56AE /* BaseView.m */; };
		7D52CAB41A861A4A00CD56AE /* LoginViewController.m in Sources */ = {isa = PBXBuildFile; fileRef = 7D52CAB31A861A4A00CD56AE /* LoginViewController.m */; };
		7D52CAB71A861A6200CD56AE /* LoginView.m in Sources */ = {isa = PBXBuildFile; fileRef = 7D52CAB61A861A6200CD56AE /* LoginView.m */; };
		7D52CAB81A861DD200CD56AE /* GoogleMaps.framework in Frameworks */ = {isa = PBXBuildFile; fileRef = 7D52CA791A8618DC00CD56AE /* GoogleMaps.framework */; };
		7D52CABA1A861E0300CD56AE /* GLKit.framework in Frameworks */ = {isa = PBXBuildFile; fileRef = 7D52CAB91A861E0300CD56AE /* GLKit.framework */; };
		7D52CABC1A861E0A00CD56AE /* CoreText.framework in Frameworks */ = {isa = PBXBuildFile; fileRef = 7D52CABB1A861E0A00CD56AE /* CoreText.framework */; };
		7D52CABE1A861E1300CD56AE /* CoreData.framework in Frameworks */ = {isa = PBXBuildFile; fileRef = 7D52CABD1A861E1300CD56AE /* CoreData.framework */; };
		7D52CAC01A861E3400CD56AE /* SystemConfiguration.framework in Frameworks */ = {isa = PBXBuildFile; fileRef = 7D52CABF1A861E3400CD56AE /* SystemConfiguration.framework */; };
		7D52CAC21A861E3D00CD56AE /* QuartzCore.framework in Frameworks */ = {isa = PBXBuildFile; fileRef = 7D52CAC11A861E3D00CD56AE /* QuartzCore.framework */; };
		7D52CAC41A861E4400CD56AE /* ImageIO.framework in Frameworks */ = {isa = PBXBuildFile; fileRef = 7D52CAC31A861E4400CD56AE /* ImageIO.framework */; };
		7D52CAC61A861E4900CD56AE /* AVFoundation.framework in Frameworks */ = {isa = PBXBuildFile; fileRef = 7D52CAC51A861E4900CD56AE /* AVFoundation.framework */; };
		7D52CAC81A861E4F00CD56AE /* CoreLocation.framework in Frameworks */ = {isa = PBXBuildFile; fileRef = 7D52CAC71A861E4F00CD56AE /* CoreLocation.framework */; };
		7D52CACA1A861E6000CD56AE /* libc++.dylib in Frameworks */ = {isa = PBXBuildFile; fileRef = 7D52CAC91A861E6000CD56AE /* libc++.dylib */; };
		7D52CACC1A861E6F00CD56AE /* libicucore.dylib in Frameworks */ = {isa = PBXBuildFile; fileRef = 7D52CACB1A861E6F00CD56AE /* libicucore.dylib */; };
		7D52CACE1A861E7800CD56AE /* libz.dylib in Frameworks */ = {isa = PBXBuildFile; fileRef = 7D52CACD1A861E7800CD56AE /* libz.dylib */; };
		CB38BD4D1A86B3C4001AB6F5 /* call@2x.png in Resources */ = {isa = PBXBuildFile; fileRef = CB38BD411A86B3C4001AB6F5 /* call@2x.png */; };
		CB38BD4E1A86B3C4001AB6F5 /* close@2x.png in Resources */ = {isa = PBXBuildFile; fileRef = CB38BD421A86B3C4001AB6F5 /* close@2x.png */; };
		CB38BD4F1A86B3C4001AB6F5 /* csmera@2x.png in Resources */ = {isa = PBXBuildFile; fileRef = CB38BD431A86B3C4001AB6F5 /* csmera@2x.png */; };
		CB38BD501A86B3C4001AB6F5 /* gallery@2x.png in Resources */ = {isa = PBXBuildFile; fileRef = CB38BD441A86B3C4001AB6F5 /* gallery@2x.png */; };
		CB38BD511A86B3C4001AB6F5 /* login@2x.png in Resources */ = {isa = PBXBuildFile; fileRef = CB38BD451A86B3C4001AB6F5 /* login@2x.png */; };
		CB38BD521A86B3C4001AB6F5 /* menu@2x.png in Resources */ = {isa = PBXBuildFile; fileRef = CB38BD461A86B3C4001AB6F5 /* menu@2x.png */; };
		CB38BD531A86B3C4001AB6F5 /* noyification side box@2x.png in Resources */ = {isa = PBXBuildFile; fileRef = CB38BD471A86B3C4001AB6F5 /* noyification side box@2x.png */; };
		CB38BD541A86B3C4001AB6F5 /* pick my friend pic@2x.png in Resources */ = {isa = PBXBuildFile; fileRef = CB38BD481A86B3C4001AB6F5 /* pick my friend pic@2x.png */; };
		CB38BD551A86B3C4001AB6F5 /* signup@2x.png in Resources */ = {isa = PBXBuildFile; fileRef = CB38BD491A86B3C4001AB6F5 /* signup@2x.png */; };
		CB38BD561A86B3C4001AB6F5 /* splash-01-01@2x.png in Resources */ = {isa = PBXBuildFile; fileRef = CB38BD4A1A86B3C4001AB6F5 /* splash-01-01@2x.png */; };
		CB38BD571A86B3C4001AB6F5 /* splash-01@2x.png in Resources */ = {isa = PBXBuildFile; fileRef = CB38BD4B1A86B3C4001AB6F5 /* splash-01@2x.png */; };
		CB38BD581A86B3C4001AB6F5 /* transpernt list@2x.png in Resources */ = {isa = PBXBuildFile; fileRef = CB38BD4C1A86B3C4001AB6F5 /* transpernt list@2x.png */; };
		CB38BDF91A86BCB4001AB6F5 /* BaseHeaderView.m in Sources */ = {isa = PBXBuildFile; fileRef = CB38BDF81A86BCB4001AB6F5 /* BaseHeaderView.m */; };
		CB38BDFC1A86BEB8001AB6F5 /* BaseHeaderViewController.m in Sources */ = {isa = PBXBuildFile; fileRef = CB38BDFB1A86BEB8001AB6F5 /* BaseHeaderViewController.m */; };
		CB665B551A8649DC0032DA11 /* SocialShare.m in Sources */ = {isa = PBXBuildFile; fileRef = CB665B521A8649DC0032DA11 /* SocialShare.m */; };
		CB665B561A8649DC0032DA11 /* SocialSharingViewController.m in Sources */ = {isa = PBXBuildFile; fileRef = CB665B541A8649DC0032DA11 /* SocialSharingViewController.m */; };
		CB665B5F1A864A500032DA11 /* HomeView.m in Sources */ = {isa = PBXBuildFile; fileRef = CB665B591A864A500032DA11 /* HomeView.m */; };
		CB665B601A864A500032DA11 /* HomeViewController.m in Sources */ = {isa = PBXBuildFile; fileRef = CB665B5B1A864A500032DA11 /* HomeViewController.m */; };
		CB665B611A864A500032DA11 /* GoogleMapView.m in Sources */ = {isa = PBXBuildFile; fileRef = CB665B5E1A864A500032DA11 /* GoogleMapView.m */; };
		CB665B641A864FC00032DA11 /* Social.framework in Frameworks */ = {isa = PBXBuildFile; fileRef = CB665B621A864F840032DA11 /* Social.framework */; };
		CB665B711A865F5A0032DA11 /* UIImageView+ImageView.m in Sources */ = {isa = PBXBuildFile; fileRef = CB665B701A865F5A0032DA11 /* UIImageView+ImageView.m */; };
		CB665B751A8679940032DA11 /* SummaryViewController.m in Sources */ = {isa = PBXBuildFile; fileRef = CB665B741A8679940032DA11 /* SummaryViewController.m */; };
		CB665B781A8679D30032DA11 /* SummaryView.m in Sources */ = {isa = PBXBuildFile; fileRef = CB665B771A8679D30032DA11 /* SummaryView.m */; };
		CB665B7B1A867BE30032DA11 /* WidgetView.m in Sources */ = {isa = PBXBuildFile; fileRef = CB665B7A1A867BE30032DA11 /* WidgetView.m */; };
		CB665B7E1A867C9B0032DA11 /* UILabel+Label.m in Sources */ = {isa = PBXBuildFile; fileRef = CB665B7D1A867C9B0032DA11 /* UILabel+Label.m */; };
		CB665B811A867F310032DA11 /* SummaryViewCell.m in Sources */ = {isa = PBXBuildFile; fileRef = CB665B801A867F310032DA11 /* SummaryViewCell.m */; };
		CB665B861A86A2CC0032DA11 /* SearchPlaceView.m in Sources */ = {isa = PBXBuildFile; fileRef = CB665B851A86A2CC0032DA11 /* SearchPlaceView.m */; };
		CB665B891A86A2ED0032DA11 /* SearchPlaceViewController.m in Sources */ = {isa = PBXBuildFile; fileRef = CB665B881A86A2ED0032DA11 /* SearchPlaceViewController.m */; };
		FC3AEB241A837C6400EA6B03 /* main.m in Sources */ = {isa = PBXBuildFile; fileRef = FC3AEB231A837C6400EA6B03 /* main.m */; };
		FC3AEB271A837C6400EA6B03 /* AppDelegate.m in Sources */ = {isa = PBXBuildFile; fileRef = FC3AEB261A837C6400EA6B03 /* AppDelegate.m */; };
		FC3AEB2D1A837C6400EA6B03 /* Main.storyboard in Resources */ = {isa = PBXBuildFile; fileRef = FC3AEB2B1A837C6400EA6B03 /* Main.storyboard */; };
		FC3AEB2F1A837C6400EA6B03 /* Images.xcassets in Resources */ = {isa = PBXBuildFile; fileRef = FC3AEB2E1A837C6400EA6B03 /* Images.xcassets */; };
		FC3AEB321A837C6400EA6B03 /* LaunchScreen.xib in Resources */ = {isa = PBXBuildFile; fileRef = FC3AEB301A837C6400EA6B03 /* LaunchScreen.xib */; };
		FC3AEB3E1A837C6600EA6B03 /* AppathonTemplateTests.m in Sources */ = {isa = PBXBuildFile; fileRef = FC3AEB3D1A837C6600EA6B03 /* AppathonTemplateTests.m */; };
/* End PBXBuildFile section */

/* Begin PBXContainerItemProxy section */
		FC3AEB381A837C6600EA6B03 /* PBXContainerItemProxy */ = {
			isa = PBXContainerItemProxy;
			containerPortal = FC3AEB161A837C6200EA6B03 /* Project object */;
			proxyType = 1;
			remoteGlobalIDString = FC3AEB1D1A837C6300EA6B03;
			remoteInfo = AppathonTemplate;
		};
/* End PBXContainerItemProxy section */

/* Begin PBXFileReference section */
		34C6DF931A866D7E00C193F6 /* libsqlite3.dylib */ = {isa = PBXFileReference; lastKnownFileType = "compiled.mach-o.dylib"; name = libsqlite3.dylib; path = usr/lib/libsqlite3.dylib; sourceTree = SDKROOT; };
		34C6DF961A866DA700C193F6 /* SQLiteClass.h */ = {isa = PBXFileReference; fileEncoding = 4; lastKnownFileType = sourcecode.c.h; path = SQLiteClass.h; sourceTree = "<group>"; };
		34C6DF971A866DA700C193F6 /* SQLiteClass.m */ = {isa = PBXFileReference; fileEncoding = 4; lastKnownFileType = sourcecode.c.objc; path = SQLiteClass.m; sourceTree = "<group>"; };
		34C6DFA41A8673CC00C193F6 /* Google.png */ = {isa = PBXFileReference; lastKnownFileType = image.png; path = Google.png; sourceTree = "<group>"; };
		34C6DFA71A86889800C193F6 /* SelectedTripDetailsView.h */ = {isa = PBXFileReference; fileEncoding = 4; lastKnownFileType = sourcecode.c.h; path = SelectedTripDetailsView.h; sourceTree = "<group>"; };
		34C6DFA81A86889800C193F6 /* SelectedTripDetailsView.m */ = {isa = PBXFileReference; fileEncoding = 4; lastKnownFileType = sourcecode.c.objc; path = SelectedTripDetailsView.m; sourceTree = "<group>"; };
		34C6DFAA1A8688BE00C193F6 /* SelectedTripDetailsViewController.h */ = {isa = PBXFileReference; fileEncoding = 4; lastKnownFileType = sourcecode.c.h; path = SelectedTripDetailsViewController.h; sourceTree = "<group>"; };
		34C6DFAB1A8688BE00C193F6 /* SelectedTripDetailsViewController.m */ = {isa = PBXFileReference; fileEncoding = 4; lastKnownFileType = sourcecode.c.objc; path = SelectedTripDetailsViewController.m; sourceTree = "<group>"; };
		34C6DFAD1A868D2500C193F6 /* UILabel+AppathonLabel.h */ = {isa = PBXFileReference; fileEncoding = 4; lastKnownFileType = sourcecode.c.h; path = "UILabel+AppathonLabel.h"; sourceTree = "<group>"; };
		34C6DFAE1A868D2500C193F6 /* UILabel+AppathonLabel.m */ = {isa = PBXFileReference; fileEncoding = 4; lastKnownFileType = sourcecode.c.objc; path = "UILabel+AppathonLabel.m"; sourceTree = "<group>"; };
		34C6DFB81A86A65C00C193F6 /* LoginAndSignUpViewController.h */ = {isa = PBXFileReference; fileEncoding = 4; lastKnownFileType = sourcecode.c.h; path = LoginAndSignUpViewController.h; sourceTree = "<group>"; };
		34C6DFB91A86A65C00C193F6 /* LoginAndSignUpViewController.m */ = {isa = PBXFileReference; fileEncoding = 4; lastKnownFileType = sourcecode.c.objc; path = LoginAndSignUpViewController.m; sourceTree = "<group>"; };
		34C6DFBC1A86B65F00C193F6 /* UIColor+BasicColors.h */ = {isa = PBXFileReference; fileEncoding = 4; lastKnownFileType = sourcecode.c.h; path = "UIColor+BasicColors.h"; sourceTree = "<group>"; };
		34C6DFBD1A86B65F00C193F6 /* UIColor+BasicColors.m */ = {isa = PBXFileReference; fileEncoding = 4; lastKnownFileType = sourcecode.c.objc; path = "UIColor+BasicColors.m"; sourceTree = "<group>"; };
		7D3295241A8631D200114B7D /* JSONModelBaseProtocol.h */ = {isa = PBXFileReference; fileEncoding = 4; lastKnownFileType = sourcecode.c.h; path = JSONModelBaseProtocol.h; sourceTree = "<group>"; };
		7D3295251A8631D200114B7D /* ModelBase.h */ = {isa = PBXFileReference; fileEncoding = 4; lastKnownFileType = sourcecode.c.h; path = ModelBase.h; sourceTree = "<group>"; };
		7D3295261A8631D200114B7D /* ModelBase.m */ = {isa = PBXFileReference; fileEncoding = 4; lastKnownFileType = sourcecode.c.objc; path = ModelBase.m; sourceTree = "<group>"; };
		7D3295281A8632AE00114B7D /* LoginModel.h */ = {isa = PBXFileReference; fileEncoding = 4; lastKnownFileType = sourcecode.c.h; path = LoginModel.h; sourceTree = "<group>"; };
		7D3295291A8632AE00114B7D /* LoginModel.m */ = {isa = PBXFileReference; fileEncoding = 4; lastKnownFileType = sourcecode.c.objc; path = LoginModel.m; sourceTree = "<group>"; };
		7D32952B1A8632FF00114B7D /* BaseModel.h */ = {isa = PBXFileReference; fileEncoding = 4; lastKnownFileType = sourcecode.c.h; path = BaseModel.h; sourceTree = "<group>"; };
		7D32952C1A8632FF00114B7D /* BaseModel.m */ = {isa = PBXFileReference; fileEncoding = 4; lastKnownFileType = sourcecode.c.objc; path = BaseModel.m; sourceTree = "<group>"; };
		7D32952E1A86335900114B7D /* AppConfig.h */ = {isa = PBXFileReference; fileEncoding = 4; lastKnownFileType = sourcecode.c.h; path = AppConfig.h; sourceTree = "<group>"; };
		7D32952F1A86335900114B7D /* AppConfig.m */ = {isa = PBXFileReference; fileEncoding = 4; lastKnownFileType = sourcecode.c.objc; path = AppConfig.m; sourceTree = "<group>"; };
		7D3295311A86340200114B7D /* AppData.h */ = {isa = PBXFileReference; fileEncoding = 4; lastKnownFileType = sourcecode.c.h; path = AppData.h; sourceTree = "<group>"; };
		7D3295321A86340200114B7D /* AppData.m */ = {isa = PBXFileReference; fileEncoding = 4; lastKnownFileType = sourcecode.c.objc; path = AppData.m; sourceTree = "<group>"; };
		7D3295341A8634CB00114B7D /* Error.h */ = {isa = PBXFileReference; fileEncoding = 4; lastKnownFileType = sourcecode.c.h; path = Error.h; sourceTree = "<group>"; };
		7D3295351A8634CB00114B7D /* Error.m */ = {isa = PBXFileReference; fileEncoding = 4; lastKnownFileType = sourcecode.c.objc; path = Error.m; sourceTree = "<group>"; };
		7D3295371A86351500114B7D /* Validator.h */ = {isa = PBXFileReference; fileEncoding = 4; lastKnownFileType = sourcecode.c.h; path = Validator.h; sourceTree = "<group>"; };
		7D3295381A86351500114B7D /* Validator.m */ = {isa = PBXFileReference; fileEncoding = 4; lastKnownFileType = sourcecode.c.objc; path = Validator.m; sourceTree = "<group>"; };
		7D32953A1A8638D900114B7D /* UIButton+Button.h */ = {isa = PBXFileReference; fileEncoding = 4; lastKnownFileType = sourcecode.c.h; path = "UIButton+Button.h"; sourceTree = "<group>"; };
		7D32953B1A8638D900114B7D /* UIButton+Button.m */ = {isa = PBXFileReference; fileEncoding = 4; lastKnownFileType = sourcecode.c.objc; path = "UIButton+Button.m"; sourceTree = "<group>"; };
		7D32953C1A8638D900114B7D /* UITextField+TextField.h */ = {isa = PBXFileReference; fileEncoding = 4; lastKnownFileType = sourcecode.c.h; path = "UITextField+TextField.h"; sourceTree = "<group>"; };
		7D32953D1A8638D900114B7D /* UITextField+TextField.m */ = {isa = PBXFileReference; fileEncoding = 4; lastKnownFileType = sourcecode.c.objc; path = "UITextField+TextField.m"; sourceTree = "<group>"; };
		7D3295401A8638F000114B7D /* AppathonTemplate-PrefixHeader.pch */ = {isa = PBXFileReference; lastKnownFileType = sourcecode.c.h; path = "AppathonTemplate-PrefixHeader.pch"; sourceTree = "<group>"; };
		7D3295411A863AF000114B7D /* SignUpViewController.h */ = {isa = PBXFileReference; fileEncoding = 4; lastKnownFileType = sourcecode.c.h; path = SignUpViewController.h; sourceTree = "<group>"; };
		7D3295421A863AF000114B7D /* SignUpViewController.m */ = {isa = PBXFileReference; fileEncoding = 4; lastKnownFileType = sourcecode.c.objc; path = SignUpViewController.m; sourceTree = "<group>"; };
		7D3295441A863B1600114B7D /* SignView.h */ = {isa = PBXFileReference; fileEncoding = 4; lastKnownFileType = sourcecode.c.h; path = SignView.h; sourceTree = "<group>"; };
		7D3295451A863B1600114B7D /* SignView.m */ = {isa = PBXFileReference; fileEncoding = 4; lastKnownFileType = sourcecode.c.objc; path = SignView.m; sourceTree = "<group>"; };
		7D52CA781A8618DC00CD56AE /* GoogleMaps.bundle */ = {isa = PBXFileReference; lastKnownFileType = "wrapper.plug-in"; path = GoogleMaps.bundle; sourceTree = "<group>"; };
		7D52CA791A8618DC00CD56AE /* GoogleMaps.framework */ = {isa = PBXFileReference; lastKnownFileType = wrapper.framework; path = GoogleMaps.framework; sourceTree = "<group>"; };
		7D52CA7C1A8618DC00CD56AE /* DataParser.h */ = {isa = PBXFileReference; fileEncoding = 4; lastKnownFileType = sourcecode.c.h; path = DataParser.h; sourceTree = "<group>"; };
		7D52CA7D1A8618DC00CD56AE /* DataParser.m */ = {isa = PBXFileReference; fileEncoding = 4; lastKnownFileType = sourcecode.c.objc; path = DataParser.m; sourceTree = "<group>"; };
		7D52CA7F1A8618DC00CD56AE /* ImageCache.h */ = {isa = PBXFileReference; fileEncoding = 4; lastKnownFileType = sourcecode.c.h; path = ImageCache.h; sourceTree = "<group>"; };
		7D52CA801A8618DC00CD56AE /* ImageCache.m */ = {isa = PBXFileReference; fileEncoding = 4; lastKnownFileType = sourcecode.c.objc; path = ImageCache.m; sourceTree = "<group>"; };
		7D52CA821A8618DC00CD56AE /* AsynchronousImageDownloader.h */ = {isa = PBXFileReference; fileEncoding = 4; lastKnownFileType = sourcecode.c.h; path = AsynchronousImageDownloader.h; sourceTree = "<group>"; };
		7D52CA831A8618DC00CD56AE /* AsynchronousImageDownloader.m */ = {isa = PBXFileReference; fileEncoding = 4; lastKnownFileType = sourcecode.c.objc; path = AsynchronousImageDownloader.m; sourceTree = "<group>"; };
		7D52CA841A8618DC00CD56AE /* ImageDownloader.h */ = {isa = PBXFileReference; fileEncoding = 4; lastKnownFileType = sourcecode.c.h; path = ImageDownloader.h; sourceTree = "<group>"; };
		7D52CA851A8618DC00CD56AE /* ImageDownloader.m */ = {isa = PBXFileReference; fileEncoding = 4; lastKnownFileType = sourcecode.c.objc; path = ImageDownloader.m; sourceTree = "<group>"; };
		7D52CA871A8618DC00CD56AE /* LocationSorter.h */ = {isa = PBXFileReference; fileEncoding = 4; lastKnownFileType = sourcecode.c.h; path = LocationSorter.h; sourceTree = "<group>"; };
		7D52CA881A8618DC00CD56AE /* LocationSorter.m */ = {isa = PBXFileReference; fileEncoding = 4; lastKnownFileType = sourcecode.c.objc; path = LocationSorter.m; sourceTree = "<group>"; };
		7D52CA8A1A8618DC00CD56AE /* MBProgressHUD.h */ = {isa = PBXFileReference; fileEncoding = 4; lastKnownFileType = sourcecode.c.h; path = MBProgressHUD.h; sourceTree = "<group>"; };
		7D52CA8B1A8618DC00CD56AE /* MBProgressHUD.m */ = {isa = PBXFileReference; fileEncoding = 4; lastKnownFileType = sourcecode.c.objc; path = MBProgressHUD.m; sourceTree = "<group>"; };
		7D52CA8D1A8618DC00CD56AE /* ServerHandler.h */ = {isa = PBXFileReference; fileEncoding = 4; lastKnownFileType = sourcecode.c.h; path = ServerHandler.h; sourceTree = "<group>"; };
		7D52CA8E1A8618DC00CD56AE /* ServerHandler.m */ = {isa = PBXFileReference; fileEncoding = 4; lastKnownFileType = sourcecode.c.objc; path = ServerHandler.m; sourceTree = "<group>"; };
		7D52CA911A8618DC00CD56AE /* BaseViewController.h */ = {isa = PBXFileReference; fileEncoding = 4; lastKnownFileType = sourcecode.c.h; path = BaseViewController.h; sourceTree = "<group>"; };
		7D52CA921A8618DC00CD56AE /* BaseViewController.m */ = {isa = PBXFileReference; fileEncoding = 4; lastKnownFileType = sourcecode.c.objc; path = BaseViewController.m; sourceTree = "<group>"; };
		7D52CA931A8618DC00CD56AE /* LinkedInLoginViewController.h */ = {isa = PBXFileReference; fileEncoding = 4; lastKnownFileType = sourcecode.c.h; path = LinkedInLoginViewController.h; sourceTree = "<group>"; };
		7D52CA941A8618DC00CD56AE /* LinkedInLoginViewController.m */ = {isa = PBXFileReference; fileEncoding = 4; lastKnownFileType = sourcecode.c.objc; path = LinkedInLoginViewController.m; sourceTree = "<group>"; };
		7D52CA951A8618DC00CD56AE /* RestaurentDetailsViewController.h */ = {isa = PBXFileReference; fileEncoding = 4; lastKnownFileType = sourcecode.c.h; path = RestaurentDetailsViewController.h; sourceTree = "<group>"; };
		7D52CA961A8618DC00CD56AE /* RestaurentDetailsViewController.m */ = {isa = PBXFileReference; fileEncoding = 4; lastKnownFileType = sourcecode.c.objc; path = RestaurentDetailsViewController.m; sourceTree = "<group>"; };
		7D52CA981A8618DC00CD56AE /* BaseView.h */ = {isa = PBXFileReference; fileEncoding = 4; lastKnownFileType = sourcecode.c.h; path = BaseView.h; sourceTree = "<group>"; };
		7D52CA991A8618DC00CD56AE /* BaseView.m */ = {isa = PBXFileReference; fileEncoding = 4; lastKnownFileType = sourcecode.c.objc; path = BaseView.m; sourceTree = "<group>"; };
		7D52CAB21A861A4A00CD56AE /* LoginViewController.h */ = {isa = PBXFileReference; fileEncoding = 4; lastKnownFileType = sourcecode.c.h; path = LoginViewController.h; sourceTree = "<group>"; };
		7D52CAB31A861A4A00CD56AE /* LoginViewController.m */ = {isa = PBXFileReference; fileEncoding = 4; lastKnownFileType = sourcecode.c.objc; path = LoginViewController.m; sourceTree = "<group>"; };
		7D52CAB51A861A6200CD56AE /* LoginView.h */ = {isa = PBXFileReference; fileEncoding = 4; lastKnownFileType = sourcecode.c.h; path = LoginView.h; sourceTree = "<group>"; };
		7D52CAB61A861A6200CD56AE /* LoginView.m */ = {isa = PBXFileReference; fileEncoding = 4; lastKnownFileType = sourcecode.c.objc; path = LoginView.m; sourceTree = "<group>"; };
		7D52CAB91A861E0300CD56AE /* GLKit.framework */ = {isa = PBXFileReference; lastKnownFileType = wrapper.framework; name = GLKit.framework; path = System/Library/Frameworks/GLKit.framework; sourceTree = SDKROOT; };
		7D52CABB1A861E0A00CD56AE /* CoreText.framework */ = {isa = PBXFileReference; lastKnownFileType = wrapper.framework; name = CoreText.framework; path = System/Library/Frameworks/CoreText.framework; sourceTree = SDKROOT; };
		7D52CABD1A861E1300CD56AE /* CoreData.framework */ = {isa = PBXFileReference; lastKnownFileType = wrapper.framework; name = CoreData.framework; path = System/Library/Frameworks/CoreData.framework; sourceTree = SDKROOT; };
		7D52CABF1A861E3400CD56AE /* SystemConfiguration.framework */ = {isa = PBXFileReference; lastKnownFileType = wrapper.framework; name = SystemConfiguration.framework; path = System/Library/Frameworks/SystemConfiguration.framework; sourceTree = SDKROOT; };
		7D52CAC11A861E3D00CD56AE /* QuartzCore.framework */ = {isa = PBXFileReference; lastKnownFileType = wrapper.framework; name = QuartzCore.framework; path = System/Library/Frameworks/QuartzCore.framework; sourceTree = SDKROOT; };
		7D52CAC31A861E4400CD56AE /* ImageIO.framework */ = {isa = PBXFileReference; lastKnownFileType = wrapper.framework; name = ImageIO.framework; path = System/Library/Frameworks/ImageIO.framework; sourceTree = SDKROOT; };
		7D52CAC51A861E4900CD56AE /* AVFoundation.framework */ = {isa = PBXFileReference; lastKnownFileType = wrapper.framework; name = AVFoundation.framework; path = System/Library/Frameworks/AVFoundation.framework; sourceTree = SDKROOT; };
		7D52CAC71A861E4F00CD56AE /* CoreLocation.framework */ = {isa = PBXFileReference; lastKnownFileType = wrapper.framework; name = CoreLocation.framework; path = System/Library/Frameworks/CoreLocation.framework; sourceTree = SDKROOT; };
		7D52CAC91A861E6000CD56AE /* libc++.dylib */ = {isa = PBXFileReference; lastKnownFileType = "compiled.mach-o.dylib"; name = "libc++.dylib"; path = "usr/lib/libc++.dylib"; sourceTree = SDKROOT; };
		7D52CACB1A861E6F00CD56AE /* libicucore.dylib */ = {isa = PBXFileReference; lastKnownFileType = "compiled.mach-o.dylib"; name = libicucore.dylib; path = usr/lib/libicucore.dylib; sourceTree = SDKROOT; };
		7D52CACD1A861E7800CD56AE /* libz.dylib */ = {isa = PBXFileReference; lastKnownFileType = "compiled.mach-o.dylib"; name = libz.dylib; path = usr/lib/libz.dylib; sourceTree = SDKROOT; };
		CB38BD411A86B3C4001AB6F5 /* call@2x.png */ = {isa = PBXFileReference; lastKnownFileType = image.png; name = "call@2x.png"; path = "Images/call@2x.png"; sourceTree = "<group>"; };
		CB38BD421A86B3C4001AB6F5 /* close@2x.png */ = {isa = PBXFileReference; lastKnownFileType = image.png; name = "close@2x.png"; path = "Images/close@2x.png"; sourceTree = "<group>"; };
		CB38BD431A86B3C4001AB6F5 /* csmera@2x.png */ = {isa = PBXFileReference; lastKnownFileType = image.png; name = "csmera@2x.png"; path = "Images/csmera@2x.png"; sourceTree = "<group>"; };
		CB38BD441A86B3C4001AB6F5 /* gallery@2x.png */ = {isa = PBXFileReference; lastKnownFileType = image.png; name = "gallery@2x.png"; path = "Images/gallery@2x.png"; sourceTree = "<group>"; };
		CB38BD451A86B3C4001AB6F5 /* login@2x.png */ = {isa = PBXFileReference; lastKnownFileType = image.png; name = "login@2x.png"; path = "Images/login@2x.png"; sourceTree = "<group>"; };
		CB38BD461A86B3C4001AB6F5 /* menu@2x.png */ = {isa = PBXFileReference; lastKnownFileType = image.png; name = "menu@2x.png"; path = "Images/menu@2x.png"; sourceTree = "<group>"; };
		CB38BD471A86B3C4001AB6F5 /* noyification side box@2x.png */ = {isa = PBXFileReference; lastKnownFileType = image.png; name = "noyification side box@2x.png"; path = "Images/noyification side box@2x.png"; sourceTree = "<group>"; };
		CB38BD481A86B3C4001AB6F5 /* pick my friend pic@2x.png */ = {isa = PBXFileReference; lastKnownFileType = image.png; name = "pick my friend pic@2x.png"; path = "Images/pick my friend pic@2x.png"; sourceTree = "<group>"; };
		CB38BD491A86B3C4001AB6F5 /* signup@2x.png */ = {isa = PBXFileReference; lastKnownFileType = image.png; name = "signup@2x.png"; path = "Images/signup@2x.png"; sourceTree = "<group>"; };
		CB38BD4A1A86B3C4001AB6F5 /* splash-01-01@2x.png */ = {isa = PBXFileReference; lastKnownFileType = image.png; name = "splash-01-01@2x.png"; path = "Images/splash-01-01@2x.png"; sourceTree = "<group>"; };
		CB38BD4B1A86B3C4001AB6F5 /* splash-01@2x.png */ = {isa = PBXFileReference; lastKnownFileType = image.png; name = "splash-01@2x.png"; path = "Images/splash-01@2x.png"; sourceTree = "<group>"; };
		CB38BD4C1A86B3C4001AB6F5 /* transpernt list@2x.png */ = {isa = PBXFileReference; lastKnownFileType = image.png; name = "transpernt list@2x.png"; path = "Images/transpernt list@2x.png"; sourceTree = "<group>"; };
		CB38BDF71A86BCB4001AB6F5 /* BaseHeaderView.h */ = {isa = PBXFileReference; fileEncoding = 4; lastKnownFileType = sourcecode.c.h; path = BaseHeaderView.h; sourceTree = "<group>"; };
		CB38BDF81A86BCB4001AB6F5 /* BaseHeaderView.m */ = {isa = PBXFileReference; fileEncoding = 4; lastKnownFileType = sourcecode.c.objc; path = BaseHeaderView.m; sourceTree = "<group>"; };
		CB38BDFA1A86BEB8001AB6F5 /* BaseHeaderViewController.h */ = {isa = PBXFileReference; fileEncoding = 4; lastKnownFileType = sourcecode.c.h; path = BaseHeaderViewController.h; sourceTree = "<group>"; };
		CB38BDFB1A86BEB8001AB6F5 /* BaseHeaderViewController.m */ = {isa = PBXFileReference; fileEncoding = 4; lastKnownFileType = sourcecode.c.objc; path = BaseHeaderViewController.m; sourceTree = "<group>"; };
		CB665B511A8649DC0032DA11 /* SocialShare.h */ = {isa = PBXFileReference; fileEncoding = 4; lastKnownFileType = sourcecode.c.h; path = SocialShare.h; sourceTree = "<group>"; };
		CB665B521A8649DC0032DA11 /* SocialShare.m */ = {isa = PBXFileReference; fileEncoding = 4; lastKnownFileType = sourcecode.c.objc; path = SocialShare.m; sourceTree = "<group>"; };
		CB665B531A8649DC0032DA11 /* SocialSharingViewController.h */ = {isa = PBXFileReference; fileEncoding = 4; lastKnownFileType = sourcecode.c.h; path = SocialSharingViewController.h; sourceTree = "<group>"; };
		CB665B541A8649DC0032DA11 /* SocialSharingViewController.m */ = {isa = PBXFileReference; fileEncoding = 4; lastKnownFileType = sourcecode.c.objc; path = SocialSharingViewController.m; sourceTree = "<group>"; };
		CB665B581A864A500032DA11 /* HomeView.h */ = {isa = PBXFileReference; fileEncoding = 4; lastKnownFileType = sourcecode.c.h; path = HomeView.h; sourceTree = "<group>"; };
		CB665B591A864A500032DA11 /* HomeView.m */ = {isa = PBXFileReference; fileEncoding = 4; lastKnownFileType = sourcecode.c.objc; path = HomeView.m; sourceTree = "<group>"; };
		CB665B5A1A864A500032DA11 /* HomeViewController.h */ = {isa = PBXFileReference; fileEncoding = 4; lastKnownFileType = sourcecode.c.h; path = HomeViewController.h; sourceTree = "<group>"; };
		CB665B5B1A864A500032DA11 /* HomeViewController.m */ = {isa = PBXFileReference; fileEncoding = 4; lastKnownFileType = sourcecode.c.objc; path = HomeViewController.m; sourceTree = "<group>"; };
		CB665B5D1A864A500032DA11 /* GoogleMapView.h */ = {isa = PBXFileReference; fileEncoding = 4; lastKnownFileType = sourcecode.c.h; path = GoogleMapView.h; sourceTree = "<group>"; };
		CB665B5E1A864A500032DA11 /* GoogleMapView.m */ = {isa = PBXFileReference; fileEncoding = 4; lastKnownFileType = sourcecode.c.objc; path = GoogleMapView.m; sourceTree = "<group>"; };
		CB665B621A864F840032DA11 /* Social.framework */ = {isa = PBXFileReference; lastKnownFileType = wrapper.framework; name = Social.framework; path = System/Library/Frameworks/Social.framework; sourceTree = SDKROOT; };
		CB665B6F1A865F5A0032DA11 /* UIImageView+ImageView.h */ = {isa = PBXFileReference; fileEncoding = 4; lastKnownFileType = sourcecode.c.h; path = "UIImageView+ImageView.h"; sourceTree = "<group>"; };
		CB665B701A865F5A0032DA11 /* UIImageView+ImageView.m */ = {isa = PBXFileReference; fileEncoding = 4; lastKnownFileType = sourcecode.c.objc; path = "UIImageView+ImageView.m"; sourceTree = "<group>"; };
		CB665B731A8679940032DA11 /* SummaryViewController.h */ = {isa = PBXFileReference; fileEncoding = 4; lastKnownFileType = sourcecode.c.h; name = SummaryViewController.h; path = SummaryView/SummaryViewController.h; sourceTree = "<group>"; };
		CB665B741A8679940032DA11 /* SummaryViewController.m */ = {isa = PBXFileReference; fileEncoding = 4; lastKnownFileType = sourcecode.c.objc; name = SummaryViewController.m; path = SummaryView/SummaryViewController.m; sourceTree = "<group>"; };
		CB665B761A8679D30032DA11 /* SummaryView.h */ = {isa = PBXFileReference; fileEncoding = 4; lastKnownFileType = sourcecode.c.h; name = SummaryView.h; path = SummaryView/SummaryView.h; sourceTree = "<group>"; };
		CB665B771A8679D30032DA11 /* SummaryView.m */ = {isa = PBXFileReference; fileEncoding = 4; lastKnownFileType = sourcecode.c.objc; name = SummaryView.m; path = SummaryView/SummaryView.m; sourceTree = "<group>"; };
		CB665B791A867BE30032DA11 /* WidgetView.h */ = {isa = PBXFileReference; fileEncoding = 4; lastKnownFileType = sourcecode.c.h; name = WidgetView.h; path = SummaryView/WidgetView.h; sourceTree = "<group>"; };
		CB665B7A1A867BE30032DA11 /* WidgetView.m */ = {isa = PBXFileReference; fileEncoding = 4; lastKnownFileType = sourcecode.c.objc; name = WidgetView.m; path = SummaryView/WidgetView.m; sourceTree = "<group>"; };
		CB665B7C1A867C9B0032DA11 /* UILabel+Label.h */ = {isa = PBXFileReference; fileEncoding = 4; lastKnownFileType = sourcecode.c.h; path = "UILabel+Label.h"; sourceTree = "<group>"; };
		CB665B7D1A867C9B0032DA11 /* UILabel+Label.m */ = {isa = PBXFileReference; fileEncoding = 4; lastKnownFileType = sourcecode.c.objc; path = "UILabel+Label.m"; sourceTree = "<group>"; };
		CB665B7F1A867F310032DA11 /* SummaryViewCell.h */ = {isa = PBXFileReference; fileEncoding = 4; lastKnownFileType = sourcecode.c.h; name = SummaryViewCell.h; path = SummaryView/SummaryViewCell.h; sourceTree = "<group>"; };
		CB665B801A867F310032DA11 /* SummaryViewCell.m */ = {isa = PBXFileReference; fileEncoding = 4; lastKnownFileType = sourcecode.c.objc; name = SummaryViewCell.m; path = SummaryView/SummaryViewCell.m; sourceTree = "<group>"; };
		CB665B821A8686490032DA11 /* Header.h */ = {isa = PBXFileReference; lastKnownFileType = sourcecode.c.h; path = Header.h; sourceTree = "<group>"; };
		CB665B841A86A2CC0032DA11 /* SearchPlaceView.h */ = {isa = PBXFileReference; fileEncoding = 4; lastKnownFileType = sourcecode.c.h; name = SearchPlaceView.h; path = SearchPlaceView/SearchPlaceView.h; sourceTree = "<group>"; };
		CB665B851A86A2CC0032DA11 /* SearchPlaceView.m */ = {isa = PBXFileReference; fileEncoding = 4; lastKnownFileType = sourcecode.c.objc; name = SearchPlaceView.m; path = SearchPlaceView/SearchPlaceView.m; sourceTree = "<group>"; };
		CB665B871A86A2ED0032DA11 /* SearchPlaceViewController.h */ = {isa = PBXFileReference; fileEncoding = 4; lastKnownFileType = sourcecode.c.h; name = SearchPlaceViewController.h; path = SearchPlaceView/SearchPlaceViewController.h; sourceTree = "<group>"; };
		CB665B881A86A2ED0032DA11 /* SearchPlaceViewController.m */ = {isa = PBXFileReference; fileEncoding = 4; lastKnownFileType = sourcecode.c.objc; name = SearchPlaceViewController.m; path = SearchPlaceView/SearchPlaceViewController.m; sourceTree = "<group>"; };
		FC3AEB1E1A837C6300EA6B03 /* AppathonTemplate.app */ = {isa = PBXFileReference; explicitFileType = wrapper.application; includeInIndex = 0; path = AppathonTemplate.app; sourceTree = BUILT_PRODUCTS_DIR; };
		FC3AEB221A837C6400EA6B03 /* Info.plist */ = {isa = PBXFileReference; lastKnownFileType = text.plist.xml; path = Info.plist; sourceTree = "<group>"; };
		FC3AEB231A837C6400EA6B03 /* main.m */ = {isa = PBXFileReference; lastKnownFileType = sourcecode.c.objc; path = main.m; sourceTree = "<group>"; };
		FC3AEB251A837C6400EA6B03 /* AppDelegate.h */ = {isa = PBXFileReference; lastKnownFileType = sourcecode.c.h; path = AppDelegate.h; sourceTree = "<group>"; };
		FC3AEB261A837C6400EA6B03 /* AppDelegate.m */ = {isa = PBXFileReference; lastKnownFileType = sourcecode.c.objc; path = AppDelegate.m; sourceTree = "<group>"; };
		FC3AEB2C1A837C6400EA6B03 /* Base */ = {isa = PBXFileReference; lastKnownFileType = file.storyboard; name = Base; path = Base.lproj/Main.storyboard; sourceTree = "<group>"; };
		FC3AEB2E1A837C6400EA6B03 /* Images.xcassets */ = {isa = PBXFileReference; lastKnownFileType = folder.assetcatalog; path = Images.xcassets; sourceTree = "<group>"; };
		FC3AEB311A837C6400EA6B03 /* Base */ = {isa = PBXFileReference; lastKnownFileType = file.xib; name = Base; path = Base.lproj/LaunchScreen.xib; sourceTree = "<group>"; };
		FC3AEB371A837C6600EA6B03 /* AppathonTemplateTests.xctest */ = {isa = PBXFileReference; explicitFileType = wrapper.cfbundle; includeInIndex = 0; path = AppathonTemplateTests.xctest; sourceTree = BUILT_PRODUCTS_DIR; };
		FC3AEB3C1A837C6600EA6B03 /* Info.plist */ = {isa = PBXFileReference; lastKnownFileType = text.plist.xml; path = Info.plist; sourceTree = "<group>"; };
		FC3AEB3D1A837C6600EA6B03 /* AppathonTemplateTests.m */ = {isa = PBXFileReference; lastKnownFileType = sourcecode.c.objc; path = AppathonTemplateTests.m; sourceTree = "<group>"; };
/* End PBXFileReference section */

/* Begin PBXFrameworksBuildPhase section */
		FC3AEB1B1A837C6300EA6B03 /* Frameworks */ = {
			isa = PBXFrameworksBuildPhase;
			buildActionMask = 2147483647;
			files = (
				34C6DF941A866D7E00C193F6 /* libsqlite3.dylib in Frameworks */,
				CB665B641A864FC00032DA11 /* Social.framework in Frameworks */,
				7D52CAC81A861E4F00CD56AE /* CoreLocation.framework in Frameworks */,
				7D52CACE1A861E7800CD56AE /* libz.dylib in Frameworks */,
				7D52CACC1A861E6F00CD56AE /* libicucore.dylib in Frameworks */,
				7D52CACA1A861E6000CD56AE /* libc++.dylib in Frameworks */,
				7D52CAC61A861E4900CD56AE /* AVFoundation.framework in Frameworks */,
				7D52CAC41A861E4400CD56AE /* ImageIO.framework in Frameworks */,
				7D52CAC21A861E3D00CD56AE /* QuartzCore.framework in Frameworks */,
				7D52CAC01A861E3400CD56AE /* SystemConfiguration.framework in Frameworks */,
				7D52CABE1A861E1300CD56AE /* CoreData.framework in Frameworks */,
				7D52CABC1A861E0A00CD56AE /* CoreText.framework in Frameworks */,
				7D52CABA1A861E0300CD56AE /* GLKit.framework in Frameworks */,
				7D52CAB81A861DD200CD56AE /* GoogleMaps.framework in Frameworks */,
			);
			runOnlyForDeploymentPostprocessing = 0;
		};
		FC3AEB341A837C6500EA6B03 /* Frameworks */ = {
			isa = PBXFrameworksBuildPhase;
			buildActionMask = 2147483647;
			files = (
			);
			runOnlyForDeploymentPostprocessing = 0;
		};
/* End PBXFrameworksBuildPhase section */

/* Begin PBXGroup section */
		347E45671A862A20004A9006 /* Categories */ = {
			isa = PBXGroup;
			children = (
				7D32953A1A8638D900114B7D /* UIButton+Button.h */,
				7D32953B1A8638D900114B7D /* UIButton+Button.m */,
				34C6DFBC1A86B65F00C193F6 /* UIColor+BasicColors.h */,
				34C6DFBD1A86B65F00C193F6 /* UIColor+BasicColors.m */,
				7D32953C1A8638D900114B7D /* UITextField+TextField.h */,
				7D32953D1A8638D900114B7D /* UITextField+TextField.m */,
				CB665B6F1A865F5A0032DA11 /* UIImageView+ImageView.h */,
				CB665B701A865F5A0032DA11 /* UIImageView+ImageView.m */,
				34C6DFAD1A868D2500C193F6 /* UILabel+AppathonLabel.h */,
				34C6DFAE1A868D2500C193F6 /* UILabel+AppathonLabel.m */,
				CB665B7C1A867C9B0032DA11 /* UILabel+Label.h */,
				CB665B7D1A867C9B0032DA11 /* UILabel+Label.m */,
			);
			path = Categories;
			sourceTree = "<group>";
		};
		34C6DF951A866DA700C193F6 /* SQLite */ = {
			isa = PBXGroup;
			children = (
				34C6DF961A866DA700C193F6 /* SQLiteClass.h */,
				34C6DF971A866DA700C193F6 /* SQLiteClass.m */,
			);
			path = SQLite;
			sourceTree = "<group>";
		};
		34C6DFA61A86886700C193F6 /* SelectedTripDetails */ = {
			isa = PBXGroup;
			children = (
				34C6DFA71A86889800C193F6 /* SelectedTripDetailsView.h */,
				34C6DFA81A86889800C193F6 /* SelectedTripDetailsView.m */,
				34C6DFAA1A8688BE00C193F6 /* SelectedTripDetailsViewController.h */,
				34C6DFAB1A8688BE00C193F6 /* SelectedTripDetailsViewController.m */,
			);
			path = SelectedTripDetails;
			sourceTree = "<group>";
		};
		7D52CA771A8618DC00CD56AE /* Frameworks */ = {
			isa = PBXGroup;
			children = (
				CB665B621A864F840032DA11 /* Social.framework */,
				7D52CACD1A861E7800CD56AE /* libz.dylib */,
				7D52CACB1A861E6F00CD56AE /* libicucore.dylib */,
				7D52CAC91A861E6000CD56AE /* libc++.dylib */,
				7D52CAC71A861E4F00CD56AE /* CoreLocation.framework */,
				7D52CAC51A861E4900CD56AE /* AVFoundation.framework */,
				7D52CAC31A861E4400CD56AE /* ImageIO.framework */,
				7D52CAC11A861E3D00CD56AE /* QuartzCore.framework */,
				7D52CABF1A861E3400CD56AE /* SystemConfiguration.framework */,
				7D52CABD1A861E1300CD56AE /* CoreData.framework */,
				7D52CABB1A861E0A00CD56AE /* CoreText.framework */,
				7D52CAB91A861E0300CD56AE /* GLKit.framework */,
				7D52CA781A8618DC00CD56AE /* GoogleMaps.bundle */,
				7D52CA791A8618DC00CD56AE /* GoogleMaps.framework */,
			);
			path = Frameworks;
			sourceTree = "<group>";
		};
		7D52CA7A1A8618DC00CD56AE /* Helpers */ = {
			isa = PBXGroup;
			children = (
				7D3295341A8634CB00114B7D /* Error.h */,
				7D3295351A8634CB00114B7D /* Error.m */,
				7D3295371A86351500114B7D /* Validator.h */,
				7D3295381A86351500114B7D /* Validator.m */,
				7D3295311A86340200114B7D /* AppData.h */,
				7D3295321A86340200114B7D /* AppData.m */,
				7D32952E1A86335900114B7D /* AppConfig.h */,
				7D32952F1A86335900114B7D /* AppConfig.m */,
				7D52CA7B1A8618DC00CD56AE /* DataParser */,
				7D52CA7E1A8618DC00CD56AE /* ImageCache */,
				7D52CA811A8618DC00CD56AE /* ImageDownloader */,
				7D52CA861A8618DC00CD56AE /* LocationSorter */,
				7D52CA891A8618DC00CD56AE /* MBProgressHUD */,
				7D52CA8C1A8618DC00CD56AE /* ServerHandler */,
			);
			path = Helpers;
			sourceTree = "<group>";
		};
		7D52CA7B1A8618DC00CD56AE /* DataParser */ = {
			isa = PBXGroup;
			children = (
				7D52CA7C1A8618DC00CD56AE /* DataParser.h */,
				7D52CA7D1A8618DC00CD56AE /* DataParser.m */,
			);
			path = DataParser;
			sourceTree = "<group>";
		};
		7D52CA7E1A8618DC00CD56AE /* ImageCache */ = {
			isa = PBXGroup;
			children = (
				7D52CA7F1A8618DC00CD56AE /* ImageCache.h */,
				7D52CA801A8618DC00CD56AE /* ImageCache.m */,
			);
			path = ImageCache;
			sourceTree = "<group>";
		};
		7D52CA811A8618DC00CD56AE /* ImageDownloader */ = {
			isa = PBXGroup;
			children = (
				7D52CA821A8618DC00CD56AE /* AsynchronousImageDownloader.h */,
				7D52CA831A8618DC00CD56AE /* AsynchronousImageDownloader.m */,
				7D52CA841A8618DC00CD56AE /* ImageDownloader.h */,
				7D52CA851A8618DC00CD56AE /* ImageDownloader.m */,
			);
			path = ImageDownloader;
			sourceTree = "<group>";
		};
		7D52CA861A8618DC00CD56AE /* LocationSorter */ = {
			isa = PBXGroup;
			children = (
				7D52CA871A8618DC00CD56AE /* LocationSorter.h */,
				7D52CA881A8618DC00CD56AE /* LocationSorter.m */,
			);
			path = LocationSorter;
			sourceTree = "<group>";
		};
		7D52CA891A8618DC00CD56AE /* MBProgressHUD */ = {
			isa = PBXGroup;
			children = (
				7D52CA8A1A8618DC00CD56AE /* MBProgressHUD.h */,
				7D52CA8B1A8618DC00CD56AE /* MBProgressHUD.m */,
			);
			path = MBProgressHUD;
			sourceTree = "<group>";
		};
		7D52CA8C1A8618DC00CD56AE /* ServerHandler */ = {
			isa = PBXGroup;
			children = (
				7D52CA8D1A8618DC00CD56AE /* ServerHandler.h */,
				7D52CA8E1A8618DC00CD56AE /* ServerHandler.m */,
			);
			path = ServerHandler;
			sourceTree = "<group>";
		};
		7D52CA8F1A8618DC00CD56AE /* BaseModels */ = {
			isa = PBXGroup;
			children = (
				7D3295241A8631D200114B7D /* JSONModelBaseProtocol.h */,
				7D32952B1A8632FF00114B7D /* BaseModel.h */,
				7D32952C1A8632FF00114B7D /* BaseModel.m */,
				7D3295251A8631D200114B7D /* ModelBase.h */,
				7D3295261A8631D200114B7D /* ModelBase.m */,
			);
			name = BaseModels;
			path = Models;
			sourceTree = "<group>";
		};
		7D52CA901A8618DC00CD56AE /* BaseViewController */ = {
			isa = PBXGroup;
			children = (
				7D52CA911A8618DC00CD56AE /* BaseViewController.h */,
				7D52CA921A8618DC00CD56AE /* BaseViewController.m */,
				7D52CA931A8618DC00CD56AE /* LinkedInLoginViewController.h */,
				7D52CA941A8618DC00CD56AE /* LinkedInLoginViewController.m */,
				7D52CA951A8618DC00CD56AE /* RestaurentDetailsViewController.h */,
				7D52CA961A8618DC00CD56AE /* RestaurentDetailsViewController.m */,
				CB38BDFA1A86BEB8001AB6F5 /* BaseHeaderViewController.h */,
				CB38BDFB1A86BEB8001AB6F5 /* BaseHeaderViewController.m */,
			);
			name = BaseViewController;
			path = ViewController;
			sourceTree = "<group>";
		};
		7D52CA971A8618DC00CD56AE /* BaseViews */ = {
			isa = PBXGroup;
			children = (
				7D52CA981A8618DC00CD56AE /* BaseView.h */,
				7D52CA991A8618DC00CD56AE /* BaseView.m */,
				CB38BDF71A86BCB4001AB6F5 /* BaseHeaderView.h */,
				CB38BDF81A86BCB4001AB6F5 /* BaseHeaderView.m */,
			);
			name = BaseViews;
			path = Views;
			sourceTree = "<group>";
		};
		7D52CAB01A8619F600CD56AE /* Login */ = {
			isa = PBXGroup;
			children = (
				7D52CAB21A861A4A00CD56AE /* LoginViewController.h */,
				7D52CAB31A861A4A00CD56AE /* LoginViewController.m */,
				7D52CAB51A861A6200CD56AE /* LoginView.h */,
				7D52CAB61A861A6200CD56AE /* LoginView.m */,
				7D3295281A8632AE00114B7D /* LoginModel.h */,
				7D3295291A8632AE00114B7D /* LoginModel.m */,
			);
			path = Login;
			sourceTree = "<group>";
		};
		7D52CAB11A8619F600CD56AE /* SignUp */ = {
			isa = PBXGroup;
			children = (
				7D3295411A863AF000114B7D /* SignUpViewController.h */,
				7D3295421A863AF000114B7D /* SignUpViewController.m */,
				7D3295441A863B1600114B7D /* SignView.h */,
				7D3295451A863B1600114B7D /* SignView.m */,
			);
			path = SignUp;
			sourceTree = "<group>";
		};
		CB38BD401A86B372001AB6F5 /* Images */ = {
			isa = PBXGroup;
			children = (
				CB38BD411A86B3C4001AB6F5 /* call@2x.png */,
				CB38BD421A86B3C4001AB6F5 /* close@2x.png */,
				CB38BD431A86B3C4001AB6F5 /* csmera@2x.png */,
				CB38BD441A86B3C4001AB6F5 /* gallery@2x.png */,
				CB38BD451A86B3C4001AB6F5 /* login@2x.png */,
				CB38BD461A86B3C4001AB6F5 /* menu@2x.png */,
				CB38BD471A86B3C4001AB6F5 /* noyification side box@2x.png */,
				CB38BD481A86B3C4001AB6F5 /* pick my friend pic@2x.png */,
				CB38BD491A86B3C4001AB6F5 /* signup@2x.png */,
				CB38BD4A1A86B3C4001AB6F5 /* splash-01-01@2x.png */,
				CB38BD4B1A86B3C4001AB6F5 /* splash-01@2x.png */,
				CB38BD4C1A86B3C4001AB6F5 /* transpernt list@2x.png */,
			);
			name = Images;
			sourceTree = "<group>";
		};
		CB665B501A8649DC0032DA11 /* SocialShare */ = {
			isa = PBXGroup;
			children = (
				CB665B511A8649DC0032DA11 /* SocialShare.h */,
				CB665B521A8649DC0032DA11 /* SocialShare.m */,
				CB665B531A8649DC0032DA11 /* SocialSharingViewController.h */,
				CB665B541A8649DC0032DA11 /* SocialSharingViewController.m */,
			);
			path = SocialShare;
			sourceTree = "<group>";
		};
		CB665B571A864A500032DA11 /* HomeView */ = {
			isa = PBXGroup;
			children = (
				CB665B581A864A500032DA11 /* HomeView.h */,
				CB665B591A864A500032DA11 /* HomeView.m */,
				CB665B5A1A864A500032DA11 /* HomeViewController.h */,
				CB665B5B1A864A500032DA11 /* HomeViewController.m */,
			);
			path = HomeView;
			sourceTree = "<group>";
		};
		CB665B5C1A864A500032DA11 /* MapView */ = {
			isa = PBXGroup;
			children = (
				CB665B5D1A864A500032DA11 /* GoogleMapView.h */,
				CB665B5E1A864A500032DA11 /* GoogleMapView.m */,
			);
			path = MapView;
			sourceTree = "<group>";
		};
		CB665B651A865AEF0032DA11 /* InitialView */ = {
			isa = PBXGroup;
			children = (
				34C6DFB81A86A65C00C193F6 /* LoginAndSignUpViewController.h */,
				34C6DFB91A86A65C00C193F6 /* LoginAndSignUpViewController.m */,
			);
			name = InitialView;
			sourceTree = "<group>";
		};
		CB665B721A86790C0032DA11 /* SummaryView */ = {
			isa = PBXGroup;
			children = (
				CB665B731A8679940032DA11 /* SummaryViewController.h */,
				CB665B741A8679940032DA11 /* SummaryViewController.m */,
				CB665B761A8679D30032DA11 /* SummaryView.h */,
				CB665B771A8679D30032DA11 /* SummaryView.m */,
				CB665B791A867BE30032DA11 /* WidgetView.h */,
				CB665B7A1A867BE30032DA11 /* WidgetView.m */,
				CB665B7F1A867F310032DA11 /* SummaryViewCell.h */,
				CB665B801A867F310032DA11 /* SummaryViewCell.m */,
			);
			name = SummaryView;
			sourceTree = "<group>";
		};
		CB665B831A86A2820032DA11 /* SearchPlaceView */ = {
			isa = PBXGroup;
			children = (
				CB665B841A86A2CC0032DA11 /* SearchPlaceView.h */,
				CB665B851A86A2CC0032DA11 /* SearchPlaceView.m */,
				CB665B871A86A2ED0032DA11 /* SearchPlaceViewController.h */,
				CB665B881A86A2ED0032DA11 /* SearchPlaceViewController.m */,
			);
			name = SearchPlaceView;
			sourceTree = "<group>";
		};
		FC3AEB151A837C6100EA6B03 = {
			isa = PBXGroup;
			children = (
				34C6DF931A866D7E00C193F6 /* libsqlite3.dylib */,
				34C6DFA41A8673CC00C193F6 /* Google.png */,
				FC3AEB201A837C6300EA6B03 /* AppathonTemplate */,
				FC3AEB3A1A837C6600EA6B03 /* AppathonTemplateTests */,
				FC3AEB1F1A837C6300EA6B03 /* Products */,
			);
			sourceTree = "<group>";
		};
		FC3AEB1F1A837C6300EA6B03 /* Products */ = {
			isa = PBXGroup;
			children = (
				FC3AEB1E1A837C6300EA6B03 /* AppathonTemplate.app */,
				FC3AEB371A837C6600EA6B03 /* AppathonTemplateTests.xctest */,
			);
			name = Products;
			sourceTree = "<group>";
		};
		FC3AEB201A837C6300EA6B03 /* AppathonTemplate */ = {
			isa = PBXGroup;
			children = (
				CB38BD401A86B372001AB6F5 /* Images */,
				CB665B831A86A2820032DA11 /* SearchPlaceView */,
				34C6DFA61A86886700C193F6 /* SelectedTripDetails */,
				CB665B721A86790C0032DA11 /* SummaryView */,
				34C6DF951A866DA700C193F6 /* SQLite */,
				CB665B651A865AEF0032DA11 /* InitialView */,
				CB665B571A864A500032DA11 /* HomeView */,
				CB665B5C1A864A500032DA11 /* MapView */,
				CB665B501A8649DC0032DA11 /* SocialShare */,
				347E45671A862A20004A9006 /* Categories */,
				7D52CAB01A8619F600CD56AE /* Login */,
				7D52CAB11A8619F600CD56AE /* SignUp */,
				7D52CA8F1A8618DC00CD56AE /* BaseModels */,
				7D52CA901A8618DC00CD56AE /* BaseViewController */,
				7D52CA971A8618DC00CD56AE /* BaseViews */,
				7D52CA771A8618DC00CD56AE /* Frameworks */,
				7D52CA7A1A8618DC00CD56AE /* Helpers */,
				FC3AEB251A837C6400EA6B03 /* AppDelegate.h */,
				FC3AEB261A837C6400EA6B03 /* AppDelegate.m */,
				FC3AEB2B1A837C6400EA6B03 /* Main.storyboard */,
				FC3AEB2E1A837C6400EA6B03 /* Images.xcassets */,
				FC3AEB301A837C6400EA6B03 /* LaunchScreen.xib */,
				FC3AEB211A837C6300EA6B03 /* Supporting Files */,
			);
			path = AppathonTemplate;
			sourceTree = "<group>";
		};
		FC3AEB211A837C6300EA6B03 /* Supporting Files */ = {
			isa = PBXGroup;
			children = (
				7D3295401A8638F000114B7D /* AppathonTemplate-PrefixHeader.pch */,
				FC3AEB221A837C6400EA6B03 /* Info.plist */,
				FC3AEB231A837C6400EA6B03 /* main.m */,
				CB665B821A8686490032DA11 /* Header.h */,
			);
			name = "Supporting Files";
			sourceTree = "<group>";
		};
		FC3AEB3A1A837C6600EA6B03 /* AppathonTemplateTests */ = {
			isa = PBXGroup;
			children = (
				FC3AEB3D1A837C6600EA6B03 /* AppathonTemplateTests.m */,
				FC3AEB3B1A837C6600EA6B03 /* Supporting Files */,
			);
			path = AppathonTemplateTests;
			sourceTree = "<group>";
		};
		FC3AEB3B1A837C6600EA6B03 /* Supporting Files */ = {
			isa = PBXGroup;
			children = (
				FC3AEB3C1A837C6600EA6B03 /* Info.plist */,
			);
			name = "Supporting Files";
			sourceTree = "<group>";
		};
/* End PBXGroup section */

/* Begin PBXNativeTarget section */
		FC3AEB1D1A837C6300EA6B03 /* AppathonTemplate */ = {
			isa = PBXNativeTarget;
			buildConfigurationList = FC3AEB411A837C6600EA6B03 /* Build configuration list for PBXNativeTarget "AppathonTemplate" */;
			buildPhases = (
				FC3AEB1A1A837C6300EA6B03 /* Sources */,
				FC3AEB1B1A837C6300EA6B03 /* Frameworks */,
				FC3AEB1C1A837C6300EA6B03 /* Resources */,
			);
			buildRules = (
			);
			dependencies = (
			);
			name = AppathonTemplate;
			productName = AppathonTemplate;
			productReference = FC3AEB1E1A837C6300EA6B03 /* AppathonTemplate.app */;
			productType = "com.apple.product-type.application";
		};
		FC3AEB361A837C6600EA6B03 /* AppathonTemplateTests */ = {
			isa = PBXNativeTarget;
			buildConfigurationList = FC3AEB441A837C6600EA6B03 /* Build configuration list for PBXNativeTarget "AppathonTemplateTests" */;
			buildPhases = (
				FC3AEB331A837C6500EA6B03 /* Sources */,
				FC3AEB341A837C6500EA6B03 /* Frameworks */,
				FC3AEB351A837C6500EA6B03 /* Resources */,
			);
			buildRules = (
			);
			dependencies = (
				FC3AEB391A837C6600EA6B03 /* PBXTargetDependency */,
			);
			name = AppathonTemplateTests;
			productName = AppathonTemplateTests;
			productReference = FC3AEB371A837C6600EA6B03 /* AppathonTemplateTests.xctest */;
			productType = "com.apple.product-type.bundle.unit-test";
		};
/* End PBXNativeTarget section */

/* Begin PBXProject section */
		FC3AEB161A837C6200EA6B03 /* Project object */ = {
			isa = PBXProject;
			attributes = {
				LastUpgradeCheck = 0610;
				ORGANIZATIONNAME = "Market Simplified";
				TargetAttributes = {
					FC3AEB1D1A837C6300EA6B03 = {
						CreatedOnToolsVersion = 6.1.1;
					};
					FC3AEB361A837C6600EA6B03 = {
						CreatedOnToolsVersion = 6.1.1;
						TestTargetID = FC3AEB1D1A837C6300EA6B03;
					};
				};
			};
			buildConfigurationList = FC3AEB191A837C6200EA6B03 /* Build configuration list for PBXProject "AppathonTemplate" */;
			compatibilityVersion = "Xcode 3.2";
			developmentRegion = English;
			hasScannedForEncodings = 0;
			knownRegions = (
				en,
				Base,
			);
			mainGroup = FC3AEB151A837C6100EA6B03;
			productRefGroup = FC3AEB1F1A837C6300EA6B03 /* Products */;
			projectDirPath = "";
			projectRoot = "";
			targets = (
				FC3AEB1D1A837C6300EA6B03 /* AppathonTemplate */,
				FC3AEB361A837C6600EA6B03 /* AppathonTemplateTests */,
			);
		};
/* End PBXProject section */

/* Begin PBXResourcesBuildPhase section */
		FC3AEB1C1A837C6300EA6B03 /* Resources */ = {
			isa = PBXResourcesBuildPhase;
			buildActionMask = 2147483647;
			files = (
				CB38BD561A86B3C4001AB6F5 /* splash-01-01@2x.png in Resources */,
				CB38BD521A86B3C4001AB6F5 /* menu@2x.png in Resources */,
				FC3AEB2D1A837C6400EA6B03 /* Main.storyboard in Resources */,
				CB38BD541A86B3C4001AB6F5 /* pick my friend pic@2x.png in Resources */,
				CB38BD4E1A86B3C4001AB6F5 /* close@2x.png in Resources */,
				FC3AEB321A837C6400EA6B03 /* LaunchScreen.xib in Resources */,
				CB38BD571A86B3C4001AB6F5 /* splash-01@2x.png in Resources */,
				CB38BD4D1A86B3C4001AB6F5 /* call@2x.png in Resources */,
				CB38BD501A86B3C4001AB6F5 /* gallery@2x.png in Resources */,
				34C6DFA51A8673CC00C193F6 /* Google.png in Resources */,
				CB38BD511A86B3C4001AB6F5 /* login@2x.png in Resources */,
				CB38BD581A86B3C4001AB6F5 /* transpernt list@2x.png in Resources */,
				CB38BD4F1A86B3C4001AB6F5 /* csmera@2x.png in Resources */,
				CB38BD551A86B3C4001AB6F5 /* signup@2x.png in Resources */,
				FC3AEB2F1A837C6400EA6B03 /* Images.xcassets in Resources */,
				7D52CAA01A8618DC00CD56AE /* GoogleMaps.bundle in Resources */,
				CB38BD531A86B3C4001AB6F5 /* noyification side box@2x.png in Resources */,
			);
			runOnlyForDeploymentPostprocessing = 0;
		};
		FC3AEB351A837C6500EA6B03 /* Resources */ = {
			isa = PBXResourcesBuildPhase;
			buildActionMask = 2147483647;
			files = (
			);
			runOnlyForDeploymentPostprocessing = 0;
		};
/* End PBXResourcesBuildPhase section */

/* Begin PBXSourcesBuildPhase section */
		FC3AEB1A1A837C6300EA6B03 /* Sources */ = {
			isa = PBXSourcesBuildPhase;
			buildActionMask = 2147483647;
			files = (
				7D32953E1A8638D900114B7D /* UIButton+Button.m in Sources */,
				34C6DFAF1A868D2500C193F6 /* UILabel+AppathonLabel.m in Sources */,
				7D3295361A8634CB00114B7D /* Error.m in Sources */,
				34C6DF981A866DA700C193F6 /* SQLiteClass.m in Sources */,
				7D32952D1A8632FF00114B7D /* BaseModel.m in Sources */,
				7D52CAA51A8618DC00CD56AE /* ImageDownloader.m in Sources */,
				CB665B611A864A500032DA11 /* GoogleMapView.m in Sources */,
				CB665B7B1A867BE30032DA11 /* WidgetView.m in Sources */,
				7D52CAA91A8618DC00CD56AE /* BaseViewController.m in Sources */,
				7D32953F1A8638D900114B7D /* UITextField+TextField.m in Sources */,
				7D3295271A8631D200114B7D /* ModelBase.m in Sources */,
				7D3295461A863B1600114B7D /* SignView.m in Sources */,
				CB665B561A8649DC0032DA11 /* SocialSharingViewController.m in Sources */,
				FC3AEB271A837C6400EA6B03 /* AppDelegate.m in Sources */,
				7D32952A1A8632AE00114B7D /* LoginModel.m in Sources */,
				7D3295301A86335900114B7D /* AppConfig.m in Sources */,
				CB665B811A867F310032DA11 /* SummaryViewCell.m in Sources */,
				CB665B751A8679940032DA11 /* SummaryViewController.m in Sources */,
				7D52CAA41A8618DC00CD56AE /* AsynchronousImageDownloader.m in Sources */,
				7D3295431A863AF000114B7D /* SignUpViewController.m in Sources */,
				7D52CAA21A8618DC00CD56AE /* DataParser.m in Sources */,
				CB665B5F1A864A500032DA11 /* HomeView.m in Sources */,
				7D52CAB41A861A4A00CD56AE /* LoginViewController.m in Sources */,
				7D52CAA31A8618DC00CD56AE /* ImageCache.m in Sources */,
				7D52CAAC1A8618DC00CD56AE /* BaseView.m in Sources */,
				34C6DFAC1A8688BE00C193F6 /* SelectedTripDetailsViewController.m in Sources */,
				CB665B551A8649DC0032DA11 /* SocialShare.m in Sources */,
				CB665B891A86A2ED0032DA11 /* SearchPlaceViewController.m in Sources */,
				7D52CAB71A861A6200CD56AE /* LoginView.m in Sources */,
				34C6DFA91A86889800C193F6 /* SelectedTripDetailsView.m in Sources */,
				CB665B711A865F5A0032DA11 /* UIImageView+ImageView.m in Sources */,
				CB665B781A8679D30032DA11 /* SummaryView.m in Sources */,
				CB38BDFC1A86BEB8001AB6F5 /* BaseHeaderViewController.m in Sources */,
				CB665B861A86A2CC0032DA11 /* SearchPlaceView.m in Sources */,
				CB665B7E1A867C9B0032DA11 /* UILabel+Label.m in Sources */,
				7D52CAA81A8618DC00CD56AE /* ServerHandler.m in Sources */,
				34C6DFBA1A86A65C00C193F6 /* LoginAndSignUpViewController.m in Sources */,
				CB665B601A864A500032DA11 /* HomeViewController.m in Sources */,
				34C6DFBE1A86B65F00C193F6 /* UIColor+BasicColors.m in Sources */,
				FC3AEB241A837C6400EA6B03 /* main.m in Sources */,
				7D52CAA61A8618DC00CD56AE /* LocationSorter.m in Sources */,
				7D52CAA71A8618DC00CD56AE /* MBProgressHUD.m in Sources */,
				7D52CAAA1A8618DC00CD56AE /* LinkedInLoginViewController.m in Sources */,
				CB38BDF91A86BCB4001AB6F5 /* BaseHeaderView.m in Sources */,
				CB665B681A865B300032DA11 /* InitialViewController.m in Sources */,
				7D3295391A86351500114B7D /* Validator.m in Sources */,
				7D3295331A86340200114B7D /* AppData.m in Sources */,
			);
			runOnlyForDeploymentPostprocessing = 0;
		};
		FC3AEB331A837C6500EA6B03 /* Sources */ = {
			isa = PBXSourcesBuildPhase;
			buildActionMask = 2147483647;
			files = (
				FC3AEB3E1A837C6600EA6B03 /* AppathonTemplateTests.m in Sources */,
			);
			runOnlyForDeploymentPostprocessing = 0;
		};
/* End PBXSourcesBuildPhase section */

/* Begin PBXTargetDependency section */
		FC3AEB391A837C6600EA6B03 /* PBXTargetDependency */ = {
			isa = PBXTargetDependency;
			target = FC3AEB1D1A837C6300EA6B03 /* AppathonTemplate */;
			targetProxy = FC3AEB381A837C6600EA6B03 /* PBXContainerItemProxy */;
		};
/* End PBXTargetDependency section */

/* Begin PBXVariantGroup section */
		FC3AEB2B1A837C6400EA6B03 /* Main.storyboard */ = {
			isa = PBXVariantGroup;
			children = (
				FC3AEB2C1A837C6400EA6B03 /* Base */,
			);
			name = Main.storyboard;
			sourceTree = "<group>";
		};
		FC3AEB301A837C6400EA6B03 /* LaunchScreen.xib */ = {
			isa = PBXVariantGroup;
			children = (
				FC3AEB311A837C6400EA6B03 /* Base */,
			);
			name = LaunchScreen.xib;
			sourceTree = "<group>";
		};
/* End PBXVariantGroup section */

/* Begin XCBuildConfiguration section */
		FC3AEB3F1A837C6600EA6B03 /* Debug */ = {
			isa = XCBuildConfiguration;
			buildSettings = {
				ALWAYS_SEARCH_USER_PATHS = NO;
				ARCHS = "$(ARCHS_STANDARD)";
				CLANG_CXX_LANGUAGE_STANDARD = "gnu++0x";
				CLANG_CXX_LIBRARY = "libc++";
				CLANG_ENABLE_MODULES = YES;
				CLANG_ENABLE_OBJC_ARC = YES;
				CLANG_WARN_BOOL_CONVERSION = YES;
				CLANG_WARN_CONSTANT_CONVERSION = YES;
				CLANG_WARN_DIRECT_OBJC_ISA_USAGE = YES_ERROR;
				CLANG_WARN_EMPTY_BODY = YES;
				CLANG_WARN_ENUM_CONVERSION = YES;
				CLANG_WARN_INT_CONVERSION = YES;
				CLANG_WARN_OBJC_ROOT_CLASS = YES_ERROR;
				CLANG_WARN_UNREACHABLE_CODE = YES;
				CLANG_WARN__DUPLICATE_METHOD_MATCH = YES;
				"CODE_SIGN_IDENTITY[sdk=iphoneos*]" = "iPhone Developer";
				COPY_PHASE_STRIP = NO;
				ENABLE_STRICT_OBJC_MSGSEND = YES;
				GCC_C_LANGUAGE_STANDARD = gnu99;
				GCC_DYNAMIC_NO_PIC = NO;
				GCC_OPTIMIZATION_LEVEL = 0;
				GCC_PREPROCESSOR_DEFINITIONS = (
					"DEBUG=1",
					"$(inherited)",
				);
				GCC_SYMBOLS_PRIVATE_EXTERN = NO;
				GCC_WARN_64_TO_32_BIT_CONVERSION = YES;
				GCC_WARN_ABOUT_RETURN_TYPE = YES_ERROR;
				GCC_WARN_UNDECLARED_SELECTOR = YES;
				GCC_WARN_UNINITIALIZED_AUTOS = YES_AGGRESSIVE;
				GCC_WARN_UNUSED_FUNCTION = YES;
				GCC_WARN_UNUSED_VARIABLE = YES;
				IPHONEOS_DEPLOYMENT_TARGET = 8.1;
				MTL_ENABLE_DEBUG_INFO = YES;
				ONLY_ACTIVE_ARCH = NO;
				SDKROOT = iphoneos;
				VALID_ARCHS = "armv7 armv7s arm64";
			};
			name = Debug;
		};
		FC3AEB401A837C6600EA6B03 /* Release */ = {
			isa = XCBuildConfiguration;
			buildSettings = {
				ALWAYS_SEARCH_USER_PATHS = NO;
				ARCHS = "$(ARCHS_STANDARD)";
				CLANG_CXX_LANGUAGE_STANDARD = "gnu++0x";
				CLANG_CXX_LIBRARY = "libc++";
				CLANG_ENABLE_MODULES = YES;
				CLANG_ENABLE_OBJC_ARC = YES;
				CLANG_WARN_BOOL_CONVERSION = YES;
				CLANG_WARN_CONSTANT_CONVERSION = YES;
				CLANG_WARN_DIRECT_OBJC_ISA_USAGE = YES_ERROR;
				CLANG_WARN_EMPTY_BODY = YES;
				CLANG_WARN_ENUM_CONVERSION = YES;
				CLANG_WARN_INT_CONVERSION = YES;
				CLANG_WARN_OBJC_ROOT_CLASS = YES_ERROR;
				CLANG_WARN_UNREACHABLE_CODE = YES;
				CLANG_WARN__DUPLICATE_METHOD_MATCH = YES;
				"CODE_SIGN_IDENTITY[sdk=iphoneos*]" = "iPhone Developer";
				COPY_PHASE_STRIP = YES;
				ENABLE_NS_ASSERTIONS = NO;
				ENABLE_STRICT_OBJC_MSGSEND = YES;
				GCC_C_LANGUAGE_STANDARD = gnu99;
				GCC_WARN_64_TO_32_BIT_CONVERSION = YES;
				GCC_WARN_ABOUT_RETURN_TYPE = YES_ERROR;
				GCC_WARN_UNDECLARED_SELECTOR = YES;
				GCC_WARN_UNINITIALIZED_AUTOS = YES_AGGRESSIVE;
				GCC_WARN_UNUSED_FUNCTION = YES;
				GCC_WARN_UNUSED_VARIABLE = YES;
				IPHONEOS_DEPLOYMENT_TARGET = 8.1;
				MTL_ENABLE_DEBUG_INFO = NO;
				ONLY_ACTIVE_ARCH = NO;
				SDKROOT = iphoneos;
				VALIDATE_PRODUCT = YES;
				VALID_ARCHS = "armv7 armv7s arm64";
			};
			name = Release;
		};
		FC3AEB421A837C6600EA6B03 /* Debug */ = {
			isa = XCBuildConfiguration;
			buildSettings = {
				ARCHS = "$(ARCHS_STANDARD)";
				ASSETCATALOG_COMPILER_APPICON_NAME = AppIcon;
				FRAMEWORK_SEARCH_PATHS = (
					"$(inherited)",
					"$(PROJECT_DIR)/AppathonTemplate/Frameworks",
				);
				GCC_PRECOMPILE_PREFIX_HEADER = YES;
				GCC_PREFIX_HEADER = "AppathonTemplate/AppathonTemplate-PrefixHeader.pch";
				INFOPLIST_FILE = AppathonTemplate/Info.plist;
				IPHONEOS_DEPLOYMENT_TARGET = 7.0;
				LD_RUNPATH_SEARCH_PATHS = "$(inherited) @executable_path/Frameworks";
				OTHER_LDFLAGS = "-ObjC";
				PRODUCT_NAME = "$(TARGET_NAME)";
				VALID_ARCHS = "armv7 armv7s arm64";
			};
			name = Debug;
		};
		FC3AEB431A837C6600EA6B03 /* Release */ = {
			isa = XCBuildConfiguration;
			buildSettings = {
				ARCHS = "$(ARCHS_STANDARD)";
				ASSETCATALOG_COMPILER_APPICON_NAME = AppIcon;
				FRAMEWORK_SEARCH_PATHS = (
					"$(inherited)",
					"$(PROJECT_DIR)/AppathonTemplate/Frameworks",
				);
				GCC_PRECOMPILE_PREFIX_HEADER = YES;
				GCC_PREFIX_HEADER = "AppathonTemplate/AppathonTemplate-PrefixHeader.pch";
				INFOPLIST_FILE = AppathonTemplate/Info.plist;
				IPHONEOS_DEPLOYMENT_TARGET = 7.0;
				LD_RUNPATH_SEARCH_PATHS = "$(inherited) @executable_path/Frameworks";
				OTHER_LDFLAGS = "-ObjC";
				PRODUCT_NAME = "$(TARGET_NAME)";
				VALID_ARCHS = "armv7 armv7s arm64";
			};
			name = Release;
		};
		FC3AEB451A837C6600EA6B03 /* Debug */ = {
			isa = XCBuildConfiguration;
			buildSettings = {
				BUNDLE_LOADER = "$(TEST_HOST)";
				FRAMEWORK_SEARCH_PATHS = (
					"$(SDKROOT)/Developer/Library/Frameworks",
					"$(inherited)",
				);
				GCC_PREPROCESSOR_DEFINITIONS = (
					"DEBUG=1",
					"$(inherited)",
				);
				INFOPLIST_FILE = AppathonTemplateTests/Info.plist;
				LD_RUNPATH_SEARCH_PATHS = "$(inherited) @executable_path/Frameworks @loader_path/Frameworks";
				PRODUCT_NAME = "$(TARGET_NAME)";
				TEST_HOST = "$(BUILT_PRODUCTS_DIR)/AppathonTemplate.app/AppathonTemplate";
			};
			name = Debug;
		};
		FC3AEB461A837C6600EA6B03 /* Release */ = {
			isa = XCBuildConfiguration;
			buildSettings = {
				BUNDLE_LOADER = "$(TEST_HOST)";
				FRAMEWORK_SEARCH_PATHS = (
					"$(SDKROOT)/Developer/Library/Frameworks",
					"$(inherited)",
				);
				INFOPLIST_FILE = AppathonTemplateTests/Info.plist;
				LD_RUNPATH_SEARCH_PATHS = "$(inherited) @executable_path/Frameworks @loader_path/Frameworks";
				PRODUCT_NAME = "$(TARGET_NAME)";
				TEST_HOST = "$(BUILT_PRODUCTS_DIR)/AppathonTemplate.app/AppathonTemplate";
			};
			name = Release;
		};
/* End XCBuildConfiguration section */

/* Begin XCConfigurationList section */
		FC3AEB191A837C6200EA6B03 /* Build configuration list for PBXProject "AppathonTemplate" */ = {
			isa = XCConfigurationList;
			buildConfigurations = (
				FC3AEB3F1A837C6600EA6B03 /* Debug */,
				FC3AEB401A837C6600EA6B03 /* Release */,
			);
			defaultConfigurationIsVisible = 0;
			defaultConfigurationName = Release;
		};
		FC3AEB411A837C6600EA6B03 /* Build configuration list for PBXNativeTarget "AppathonTemplate" */ = {
			isa = XCConfigurationList;
			buildConfigurations = (
				FC3AEB421A837C6600EA6B03 /* Debug */,
				FC3AEB431A837C6600EA6B03 /* Release */,
			);
			defaultConfigurationIsVisible = 0;
			defaultConfigurationName = Release;
		};
		FC3AEB441A837C6600EA6B03 /* Build configuration list for PBXNativeTarget "AppathonTemplateTests" */ = {
			isa = XCConfigurationList;
			buildConfigurations = (
				FC3AEB451A837C6600EA6B03 /* Debug */,
				FC3AEB461A837C6600EA6B03 /* Release */,
			);
			defaultConfigurationIsVisible = 0;
			defaultConfigurationName = Release;
		};
/* End XCConfigurationList section */
	};
	rootObject = FC3AEB161A837C6200EA6B03 /* Project object */;
}
